// !$*UTF8*$!
{
	archiveVersion = 1;
	classes = {
	};
	objectVersion = 46;
	objects = {

/* Begin PBXBuildFile section */
		4B4A55CFCE0A73D3D38AF1C2 /* Pods_Your_SongTests.framework in Frameworks */ = {isa = PBXBuildFile; fileRef = E070915432A6D5E53ABF6D0E /* Pods_Your_SongTests.framework */; };
		521A5A271FF56FF10056A11D /* Event.swift in Sources */ = {isa = PBXBuildFile; fileRef = 521A5A261FF56FF10056A11D /* Event.swift */; };
		521A5A291FF570820056A11D /* RandomRequestCreator.swift in Sources */ = {isa = PBXBuildFile; fileRef = 521A5A281FF570820056A11D /* RandomRequestCreator.swift */; };
		521A5A2B1FF570C20056A11D /* YpbUser.swift in Sources */ = {isa = PBXBuildFile; fileRef = 521A5A2A1FF570C20056A11D /* YpbUser.swift */; };
		521A5A2D1FF5719D0056A11D /* Utility Functions.swift in Sources */ = {isa = PBXBuildFile; fileRef = 521A5A2C1FF5719D0056A11D /* Utility Functions.swift */; };
		521A5A2F1FF57B890056A11D /* UI Design for CreateRequest.swift in Sources */ = {isa = PBXBuildFile; fileRef = 521A5A2E1FF57B890056A11D /* UI Design for CreateRequest.swift */; };
		5220376020CF146C009760EB /* LaunchScreenViewController.swift in Sources */ = {isa = PBXBuildFile; fileRef = 5220375F20CF146C009760EB /* LaunchScreenViewController.swift */; };
		7607666B1EA3920F00348171 /* ArtistsTableViewController_OLD.swift in Sources */ = {isa = PBXBuildFile; fileRef = 7607666A1EA3920F00348171 /* ArtistsTableViewController_OLD.swift */; };
		760AACCE2017AE1B00F1C97A /* ViewController Extension, changing fonts.swift in Sources */ = {isa = PBXBuildFile; fileRef = 760AACCD2017AE1B00F1C97A /* ViewController Extension, changing fonts.swift */; };
		760C909920A8A26F0067DEE9 /* MasterViewController.swift in Sources */ = {isa = PBXBuildFile; fileRef = 760C909820A8A26F0067DEE9 /* MasterViewController.swift */; };
		7618CC701EC46C75000CE532 /* DecadesTableViewController_OLD.swift in Sources */ = {isa = PBXBuildFile; fileRef = 7618CC6F1EC46C75000CE532 /* DecadesTableViewController_OLD.swift */; };
		7618CC761EC4DEFD000CE532 /* CategoryViewController_OLD.swift in Sources */ = {isa = PBXBuildFile; fileRef = 7618CC751EC4DEFD000CE532 /* CategoryViewController_OLD.swift */; };
		762183C5202792D800592148 /* SignIn Utility Extensions.swift in Sources */ = {isa = PBXBuildFile; fileRef = 762183C4202792D800592148 /* SignIn Utility Extensions.swift */; };
		762A6AE51EB5D19300C6A115 /* BrowserViewController_OLD.swift in Sources */ = {isa = PBXBuildFile; fileRef = 762A6AE41EB5D19300C6A115 /* BrowserViewController_OLD.swift */; };
		762A6AE71EB9CA5700C6A115 /* SortedName.swift in Sources */ = {isa = PBXBuildFile; fileRef = 762A6AE61EB9CA5700C6A115 /* SortedName.swift */; };
		764FF2AD1ED981E200F8A6FC /* song list.tsv in Resources */ = {isa = PBXBuildFile; fileRef = 764FF2AC1ED981E200F8A6FC /* song list.tsv */; };
		764FF2B61ED9DB1C00F8A6FC /* BlogXML.swift in Sources */ = {isa = PBXBuildFile; fileRef = 764FF2B51ED9DB1C00F8A6FC /* BlogXML.swift */; };
		7652898C205B45030019079E /* ThanksTableViewController.swift in Sources */ = {isa = PBXBuildFile; fileRef = 7652898B205B45030019079E /* ThanksTableViewController.swift */; };
		765412A320C0D5E800A3ABAB /* ArtistsTableViewController.swift in Sources */ = {isa = PBXBuildFile; fileRef = 765412A220C0D5E800A3ABAB /* ArtistsTableViewController.swift */; };
		765D4B412002FD31003DB0DF /* Oswald-Bold.ttf in Resources */ = {isa = PBXBuildFile; fileRef = 765D4B3C2002FC99003DB0DF /* Oswald-Bold.ttf */; };
		765D4B422002FD31003DB0DF /* Oswald-BoldItalic.ttf in Resources */ = {isa = PBXBuildFile; fileRef = 765D4B372002FC93003DB0DF /* Oswald-BoldItalic.ttf */; };
		765D4B432002FD31003DB0DF /* Oswald-Demi-BoldItalic.ttf in Resources */ = {isa = PBXBuildFile; fileRef = 765D4B3A2002FC97003DB0DF /* Oswald-Demi-BoldItalic.ttf */; };
		765D4B442002FD31003DB0DF /* Oswald-DemiBold.ttf in Resources */ = {isa = PBXBuildFile; fileRef = 765D4B3B2002FC98003DB0DF /* Oswald-DemiBold.ttf */; };
		765D4B452002FD31003DB0DF /* Oswald-Extra-LightItalic.ttf in Resources */ = {isa = PBXBuildFile; fileRef = 765D4B362002FC92003DB0DF /* Oswald-Extra-LightItalic.ttf */; };
		765D4B462002FD31003DB0DF /* Oswald-ExtraLight.ttf in Resources */ = {isa = PBXBuildFile; fileRef = 765D4B392002FC95003DB0DF /* Oswald-ExtraLight.ttf */; };
		765D4B472002FD31003DB0DF /* Oswald-Heavy.ttf in Resources */ = {isa = PBXBuildFile; fileRef = 765D4B3D2002FC9A003DB0DF /* Oswald-Heavy.ttf */; };
		765D4B482002FD31003DB0DF /* Oswald-HeavyItalic.ttf in Resources */ = {isa = PBXBuildFile; fileRef = 765D4B322002FC8E003DB0DF /* Oswald-HeavyItalic.ttf */; };
		765D4B492002FD31003DB0DF /* Oswald-Light.ttf in Resources */ = {isa = PBXBuildFile; fileRef = 765D4B352002FC91003DB0DF /* Oswald-Light.ttf */; };
		765D4B4A2002FD31003DB0DF /* Oswald-LightItalic.ttf in Resources */ = {isa = PBXBuildFile; fileRef = 765D4B312002FC8D003DB0DF /* Oswald-LightItalic.ttf */; };
		765D4B4B2002FD31003DB0DF /* Oswald-Medium.ttf in Resources */ = {isa = PBXBuildFile; fileRef = 765D4B382002FC94003DB0DF /* Oswald-Medium.ttf */; };
		765D4B4C2002FD31003DB0DF /* Oswald-MediumItalic.ttf in Resources */ = {isa = PBXBuildFile; fileRef = 765D4B332002FC8F003DB0DF /* Oswald-MediumItalic.ttf */; };
		765D4B4D2002FD31003DB0DF /* Oswald-Regular.ttf in Resources */ = {isa = PBXBuildFile; fileRef = 765D4B3E2002FC9B003DB0DF /* Oswald-Regular.ttf */; };
		765D4B4E2002FD31003DB0DF /* Oswald-RegularItalic.ttf in Resources */ = {isa = PBXBuildFile; fileRef = 765D4B302002FC8C003DB0DF /* Oswald-RegularItalic.ttf */; };
		765D4B4F2002FD31003DB0DF /* Oswald-Stencil.ttf in Resources */ = {isa = PBXBuildFile; fileRef = 765D4B342002FC90003DB0DF /* Oswald-Stencil.ttf */; };
		7668923A20C595C400359902 /* BrowserTableViewController_0518.swift in Sources */ = {isa = PBXBuildFile; fileRef = 7668923920C595C400359902 /* BrowserTableViewController_0518.swift */; };
		767551AA201CD4E600EEC9C8 /* Google SignIn from App Delegate.swift in Sources */ = {isa = PBXBuildFile; fileRef = 767551A9201CD4E600EEC9C8 /* Google SignIn from App Delegate.swift */; };
		767551AD201D013800EEC9C8 /* SongFinder.swift in Sources */ = {isa = PBXBuildFile; fileRef = 767551AC201D013800EEC9C8 /* SongFinder.swift */; };
		767551AF201E48DD00EEC9C8 /* SongFinderTestsTableViewController.swift in Sources */ = {isa = PBXBuildFile; fileRef = 767551AE201E48DD00EEC9C8 /* SongFinderTestsTableViewController.swift */; };
		7675B6E920C092400073DEF8 /* SongsTableViewController.swift in Sources */ = {isa = PBXBuildFile; fileRef = 7675B6E820C092400073DEF8 /* SongsTableViewController.swift */; };
		768235AF1E856ECF006186D7 /* AppDelegate.swift in Sources */ = {isa = PBXBuildFile; fileRef = 768235AE1E856ECF006186D7 /* AppDelegate.swift */; };
		768235B61E856ED0006186D7 /* Assets.xcassets in Resources */ = {isa = PBXBuildFile; fileRef = 768235B51E856ED0006186D7 /* Assets.xcassets */; };
		768235B91E856ED0006186D7 /* LaunchScreen.storyboard in Resources */ = {isa = PBXBuildFile; fileRef = 768235B71E856ED0006186D7 /* LaunchScreen.storyboard */; };
		768235C41E856ED0006186D7 /* Your_SongTests.swift in Sources */ = {isa = PBXBuildFile; fileRef = 768235C31E856ED0006186D7 /* Your_SongTests.swift */; };
		768235D91E856F69006186D7 /* your-piano-bar-blank piano only tab bar item size.png in Resources */ = {isa = PBXBuildFile; fileRef = 768235D81E856F69006186D7 /* your-piano-bar-blank piano only tab bar item size.png */; };
		768235E91E856FF7006186D7 /* Globals, Extensions, Etc.swift in Sources */ = {isa = PBXBuildFile; fileRef = 768235E61E856FF7006186D7 /* Globals, Extensions, Etc.swift */; };
		768235EE1E857044006186D7 /* Main.storyboard in Resources */ = {isa = PBXBuildFile; fileRef = 768235ED1E857044006186D7 /* Main.storyboard */; };
		7696CEA120C9983100EFF2AD /* TuzData.swift in Sources */ = {isa = PBXBuildFile; fileRef = 7696CEA020C9983100EFF2AD /* TuzData.swift */; };
		769D2E171EAD06C00069FB30 /* !your-piano-bar-logo-tagline-final.png in Resources */ = {isa = PBXBuildFile; fileRef = 769D2E161EAD06C00069FB30 /* !your-piano-bar-logo-tagline-final.png */; };
		769D2E191EAE20BC0069FB30 /* GoogleService-Info.plist in Resources */ = {isa = PBXBuildFile; fileRef = 769D2E181EAE20BC0069FB30 /* GoogleService-Info.plist */; };
		769D2E1B1EAE20CC0069FB30 /* GoogleService-Info.plist in Resources */ = {isa = PBXBuildFile; fileRef = 769D2E1A1EAE20CC0069FB30 /* GoogleService-Info.plist */; };
		769E28E92014F8ED0014D7F4 /* Font Extensions for Views.swift in Sources */ = {isa = PBXBuildFile; fileRef = 769E28E82014F8ED0014D7F4 /* Font Extensions for Views.swift */; };
		769E28EB2016CA9C0014D7F4 /* UIFont Extensions.swift in Sources */ = {isa = PBXBuildFile; fileRef = 769E28EA2016CA9C0014D7F4 /* UIFont Extensions.swift */; };
		769FFBF21EAA1AB800F5EB37 /* YPB.swift in Sources */ = {isa = PBXBuildFile; fileRef = 769FFBF11EAA1AB800F5EB37 /* YPB.swift */; };
		76BE13AE1EC09340007A7348 /* Decade.swift in Sources */ = {isa = PBXBuildFile; fileRef = 76BE13AD1EC09340007A7348 /* Decade.swift */; };
		76C6E9D520C7454B00A3E3B3 /* DecadesTableViewController.swift in Sources */ = {isa = PBXBuildFile; fileRef = 76C6E9D420C7454B00A3E3B3 /* DecadesTableViewController.swift */; };
		76C9C25520239B0900CE127A /* SignInTableViewController.swift in Sources */ = {isa = PBXBuildFile; fileRef = 76C9C25420239B0900CE127A /* SignInTableViewController.swift */; };
		76CD8E851FF063DB00081206 /* Requests - Realm Classes.swift in Sources */ = {isa = PBXBuildFile; fileRef = 76CD8E841FF063DB00081206 /* Requests - Realm Classes.swift */; };
		76CDBE781EDB297B005C9C56 /* String Extensions.swift in Sources */ = {isa = PBXBuildFile; fileRef = 76CDBE771EDB297B005C9C56 /* String Extensions.swift */; };
		76CF44A620C06F7900E37671 /* song list short.tsv in Resources */ = {isa = PBXBuildFile; fileRef = 76CF44A520C06F7800E37671 /* song list short.tsv */; };
		76CF44A820C0707E00E37671 /* 2016 Song List and Progress - Master List.tsv in Resources */ = {isa = PBXBuildFile; fileRef = 76CF44A720C0707E00E37671 /* 2016 Song List and Progress - Master List.tsv */; };
		76DD71F91EC0601100AD3AEE /* BrowserObject.swift in Sources */ = {isa = PBXBuildFile; fileRef = 76DD71F81EC0601100AD3AEE /* BrowserObject.swift */; };
		76DD71FB1EC0636A00AD3AEE /* BrowserCategory.swift in Sources */ = {isa = PBXBuildFile; fileRef = 76DD71FA1EC0636A00AD3AEE /* BrowserCategory.swift */; };
		76E6FDD32024C96700FA1B8C /* AppDelegate GoogleSignIn extension.swift in Sources */ = {isa = PBXBuildFile; fileRef = 76E6FDD22024C96700FA1B8C /* AppDelegate GoogleSignIn extension.swift */; };
		76F638271E9E99E8001BBFB1 /* Artist.swift in Sources */ = {isa = PBXBuildFile; fileRef = 76F638231E9E99E8001BBFB1 /* Artist.swift */; };
		76F638281E9E99E8001BBFB1 /* Genre.swift in Sources */ = {isa = PBXBuildFile; fileRef = 76F638241E9E99E8001BBFB1 /* Genre.swift */; };
		76F6382A1E9E99E8001BBFB1 /* Song.swift in Sources */ = {isa = PBXBuildFile; fileRef = 76F638261E9E99E8001BBFB1 /* Song.swift */; };
		76F6382D1E9FD476001BBFB1 /* GenresTableViewController_OLD.swift in Sources */ = {isa = PBXBuildFile; fileRef = 76F6382C1E9FD476001BBFB1 /* GenresTableViewController_OLD.swift */; };
		76F638311EA102B4001BBFB1 /* SongImporter.swift in Sources */ = {isa = PBXBuildFile; fileRef = 76F638301EA102B4001BBFB1 /* SongImporter.swift */; };
		76F638381EA221AA001BBFB1 /* SongsTableViewController_OLD.swift in Sources */ = {isa = PBXBuildFile; fileRef = 76F638371EA221AA001BBFB1 /* SongsTableViewController_OLD.swift */; };
		76F6EB29202A05D1003D9731 /* RegisterTableViewController.swift in Sources */ = {isa = PBXBuildFile; fileRef = 76F6EB28202A05D1003D9731 /* RegisterTableViewController.swift */; };
		76FD80B42038805800CD14D1 /* your-piano-bar-200px-4web-color piano only.png in Resources */ = {isa = PBXBuildFile; fileRef = 76FD80B32038805600CD14D1 /* your-piano-bar-200px-4web-color piano only.png */; };
		76FE07DF2031B62300CF3888 /* CreateRequestTableViewController.swift in Sources */ = {isa = PBXBuildFile; fileRef = 76FE07DE2031B62300CF3888 /* CreateRequestTableViewController.swift */; };
		E7A9ADEDE4698EC8280B0112 /* Pods_Your_Song.framework in Frameworks */ = {isa = PBXBuildFile; fileRef = 0ABF8950A55681E642CF9CD7 /* Pods_Your_Song.framework */; };
/* End PBXBuildFile section */

/* Begin PBXContainerItemProxy section */
		768235C01E856ED0006186D7 /* PBXContainerItemProxy */ = {
			isa = PBXContainerItemProxy;
			containerPortal = 768235A31E856ECF006186D7 /* Project object */;
			proxyType = 1;
			remoteGlobalIDString = 768235AA1E856ECF006186D7;
			remoteInfo = "Your Song";
		};
/* End PBXContainerItemProxy section */

/* Begin PBXFileReference section */
		0ABF8950A55681E642CF9CD7 /* Pods_Your_Song.framework */ = {isa = PBXFileReference; explicitFileType = wrapper.framework; includeInIndex = 0; path = Pods_Your_Song.framework; sourceTree = BUILT_PRODUCTS_DIR; };
		521A5A261FF56FF10056A11D /* Event.swift */ = {isa = PBXFileReference; fileEncoding = 4; lastKnownFileType = sourcecode.swift; name = Event.swift; path = ../../YourPianoBarPianist/YourPianoBarPianist/Event.swift; sourceTree = "<group>"; };
		521A5A281FF570820056A11D /* RandomRequestCreator.swift */ = {isa = PBXFileReference; fileEncoding = 4; lastKnownFileType = sourcecode.swift; name = RandomRequestCreator.swift; path = ../../YourPianoBarPianist/YourPianoBarPianist/RandomRequestCreator.swift; sourceTree = "<group>"; };
		521A5A2A1FF570C20056A11D /* YpbUser.swift */ = {isa = PBXFileReference; fileEncoding = 4; lastKnownFileType = sourcecode.swift; name = YpbUser.swift; path = ../../YourPianoBarPianist/YourPianoBarPianist/YpbUser.swift; sourceTree = "<group>"; };
		521A5A2C1FF5719D0056A11D /* Utility Functions.swift */ = {isa = PBXFileReference; fileEncoding = 4; lastKnownFileType = sourcecode.swift; name = "Utility Functions.swift"; path = "../../YourPianoBarPianist/YourPianoBarPianist/Utility Functions.swift"; sourceTree = "<group>"; };
		521A5A2E1FF57B890056A11D /* UI Design for CreateRequest.swift */ = {isa = PBXFileReference; lastKnownFileType = sourcecode.swift; path = "UI Design for CreateRequest.swift"; sourceTree = "<group>"; };
		5220375F20CF146C009760EB /* LaunchScreenViewController.swift */ = {isa = PBXFileReference; lastKnownFileType = sourcecode.swift; path = LaunchScreenViewController.swift; sourceTree = "<group>"; };
		643AB7A2DF887E275FC98C39 /* Pods-Your Song.release.xcconfig */ = {isa = PBXFileReference; includeInIndex = 1; lastKnownFileType = text.xcconfig; name = "Pods-Your Song.release.xcconfig"; path = "Pods/Target Support Files/Pods-Your Song/Pods-Your Song.release.xcconfig"; sourceTree = "<group>"; };
		7607666A1EA3920F00348171 /* ArtistsTableViewController_OLD.swift */ = {isa = PBXFileReference; fileEncoding = 4; lastKnownFileType = sourcecode.swift; path = ArtistsTableViewController_OLD.swift; sourceTree = "<group>"; };
		760AACCD2017AE1B00F1C97A /* ViewController Extension, changing fonts.swift */ = {isa = PBXFileReference; lastKnownFileType = sourcecode.swift; path = "ViewController Extension, changing fonts.swift"; sourceTree = "<group>"; };
		760C909820A8A26F0067DEE9 /* MasterViewController.swift */ = {isa = PBXFileReference; lastKnownFileType = sourcecode.swift; path = MasterViewController.swift; sourceTree = "<group>"; };
		7618CC6F1EC46C75000CE532 /* DecadesTableViewController_OLD.swift */ = {isa = PBXFileReference; fileEncoding = 4; lastKnownFileType = sourcecode.swift; path = DecadesTableViewController_OLD.swift; sourceTree = "<group>"; };
		7618CC751EC4DEFD000CE532 /* CategoryViewController_OLD.swift */ = {isa = PBXFileReference; fileEncoding = 4; lastKnownFileType = sourcecode.swift; path = CategoryViewController_OLD.swift; sourceTree = "<group>"; };
		762183C4202792D800592148 /* SignIn Utility Extensions.swift */ = {isa = PBXFileReference; lastKnownFileType = sourcecode.swift; path = "SignIn Utility Extensions.swift"; sourceTree = "<group>"; };
		762A6AE41EB5D19300C6A115 /* BrowserViewController_OLD.swift */ = {isa = PBXFileReference; fileEncoding = 4; lastKnownFileType = sourcecode.swift; path = BrowserViewController_OLD.swift; sourceTree = "<group>"; };
		762A6AE61EB9CA5700C6A115 /* SortedName.swift */ = {isa = PBXFileReference; fileEncoding = 4; lastKnownFileType = sourcecode.swift; path = SortedName.swift; sourceTree = "<group>"; };
		76321C641EAEB101001C860C /* Your Song-Bridging-Header.h */ = {isa = PBXFileReference; lastKnownFileType = sourcecode.c.h; path = "Your Song-Bridging-Header.h"; sourceTree = "<group>"; };
		764FF2AC1ED981E200F8A6FC /* song list.tsv */ = {isa = PBXFileReference; fileEncoding = 4; lastKnownFileType = text; path = "song list.tsv"; sourceTree = "<group>"; };
		764FF2B51ED9DB1C00F8A6FC /* BlogXML.swift */ = {isa = PBXFileReference; fileEncoding = 4; lastKnownFileType = sourcecode.swift; path = BlogXML.swift; sourceTree = "<group>"; };
		7652898B205B45030019079E /* ThanksTableViewController.swift */ = {isa = PBXFileReference; lastKnownFileType = sourcecode.swift; path = ThanksTableViewController.swift; sourceTree = "<group>"; };
		765412A220C0D5E800A3ABAB /* ArtistsTableViewController.swift */ = {isa = PBXFileReference; lastKnownFileType = sourcecode.swift; path = ArtistsTableViewController.swift; sourceTree = "<group>"; };
		765D4B302002FC8C003DB0DF /* Oswald-RegularItalic.ttf */ = {isa = PBXFileReference; lastKnownFileType = file; path = "Oswald-RegularItalic.ttf"; sourceTree = "<group>"; };
		765D4B312002FC8D003DB0DF /* Oswald-LightItalic.ttf */ = {isa = PBXFileReference; lastKnownFileType = file; path = "Oswald-LightItalic.ttf"; sourceTree = "<group>"; };
		765D4B322002FC8E003DB0DF /* Oswald-HeavyItalic.ttf */ = {isa = PBXFileReference; lastKnownFileType = file; path = "Oswald-HeavyItalic.ttf"; sourceTree = "<group>"; };
		765D4B332002FC8F003DB0DF /* Oswald-MediumItalic.ttf */ = {isa = PBXFileReference; lastKnownFileType = file; path = "Oswald-MediumItalic.ttf"; sourceTree = "<group>"; };
		765D4B342002FC90003DB0DF /* Oswald-Stencil.ttf */ = {isa = PBXFileReference; lastKnownFileType = file; path = "Oswald-Stencil.ttf"; sourceTree = "<group>"; };
		765D4B352002FC91003DB0DF /* Oswald-Light.ttf */ = {isa = PBXFileReference; lastKnownFileType = file; path = "Oswald-Light.ttf"; sourceTree = "<group>"; };
		765D4B362002FC92003DB0DF /* Oswald-Extra-LightItalic.ttf */ = {isa = PBXFileReference; lastKnownFileType = file; path = "Oswald-Extra-LightItalic.ttf"; sourceTree = "<group>"; };
		765D4B372002FC93003DB0DF /* Oswald-BoldItalic.ttf */ = {isa = PBXFileReference; lastKnownFileType = file; path = "Oswald-BoldItalic.ttf"; sourceTree = "<group>"; };
		765D4B382002FC94003DB0DF /* Oswald-Medium.ttf */ = {isa = PBXFileReference; lastKnownFileType = file; path = "Oswald-Medium.ttf"; sourceTree = "<group>"; };
		765D4B392002FC95003DB0DF /* Oswald-ExtraLight.ttf */ = {isa = PBXFileReference; lastKnownFileType = file; path = "Oswald-ExtraLight.ttf"; sourceTree = "<group>"; };
		765D4B3A2002FC97003DB0DF /* Oswald-Demi-BoldItalic.ttf */ = {isa = PBXFileReference; lastKnownFileType = file; path = "Oswald-Demi-BoldItalic.ttf"; sourceTree = "<group>"; };
		765D4B3B2002FC98003DB0DF /* Oswald-DemiBold.ttf */ = {isa = PBXFileReference; lastKnownFileType = file; path = "Oswald-DemiBold.ttf"; sourceTree = "<group>"; };
		765D4B3C2002FC99003DB0DF /* Oswald-Bold.ttf */ = {isa = PBXFileReference; lastKnownFileType = file; path = "Oswald-Bold.ttf"; sourceTree = "<group>"; };
		765D4B3D2002FC9A003DB0DF /* Oswald-Heavy.ttf */ = {isa = PBXFileReference; lastKnownFileType = file; path = "Oswald-Heavy.ttf"; sourceTree = "<group>"; };
		765D4B3E2002FC9B003DB0DF /* Oswald-Regular.ttf */ = {isa = PBXFileReference; lastKnownFileType = file; path = "Oswald-Regular.ttf"; sourceTree = "<group>"; };
		7668923920C595C400359902 /* BrowserTableViewController_0518.swift */ = {isa = PBXFileReference; lastKnownFileType = sourcecode.swift; path = BrowserTableViewController_0518.swift; sourceTree = "<group>"; };
		767551A9201CD4E600EEC9C8 /* Google SignIn from App Delegate.swift */ = {isa = PBXFileReference; lastKnownFileType = sourcecode.swift; name = "Google SignIn from App Delegate.swift"; path = "../New Group/Google SignIn from App Delegate.swift"; sourceTree = "<group>"; };
		767551AC201D013800EEC9C8 /* SongFinder.swift */ = {isa = PBXFileReference; lastKnownFileType = sourcecode.swift; path = SongFinder.swift; sourceTree = "<group>"; };
		767551AE201E48DD00EEC9C8 /* SongFinderTestsTableViewController.swift */ = {isa = PBXFileReference; lastKnownFileType = sourcecode.swift; path = SongFinderTestsTableViewController.swift; sourceTree = "<group>"; };
		7675B6E820C092400073DEF8 /* SongsTableViewController.swift */ = {isa = PBXFileReference; lastKnownFileType = sourcecode.swift; path = SongsTableViewController.swift; sourceTree = "<group>"; };
		768235AB1E856ECF006186D7 /* Your Song.app */ = {isa = PBXFileReference; explicitFileType = wrapper.application; includeInIndex = 0; path = "Your Song.app"; sourceTree = BUILT_PRODUCTS_DIR; };
		768235AE1E856ECF006186D7 /* AppDelegate.swift */ = {isa = PBXFileReference; lastKnownFileType = sourcecode.swift; path = AppDelegate.swift; sourceTree = "<group>"; };
		768235B51E856ED0006186D7 /* Assets.xcassets */ = {isa = PBXFileReference; lastKnownFileType = folder.assetcatalog; path = Assets.xcassets; sourceTree = "<group>"; };
		768235B81E856ED0006186D7 /* Base */ = {isa = PBXFileReference; lastKnownFileType = file.storyboard; name = Base; path = Base.lproj/LaunchScreen.storyboard; sourceTree = "<group>"; };
		768235BA1E856ED0006186D7 /* Info.plist */ = {isa = PBXFileReference; lastKnownFileType = text.plist.xml; path = Info.plist; sourceTree = "<group>"; };
		768235BF1E856ED0006186D7 /* Your SongTests.xctest */ = {isa = PBXFileReference; explicitFileType = wrapper.cfbundle; includeInIndex = 0; path = "Your SongTests.xctest"; sourceTree = BUILT_PRODUCTS_DIR; };
		768235C31E856ED0006186D7 /* Your_SongTests.swift */ = {isa = PBXFileReference; lastKnownFileType = sourcecode.swift; path = Your_SongTests.swift; sourceTree = "<group>"; };
		768235C51E856ED0006186D7 /* Info.plist */ = {isa = PBXFileReference; lastKnownFileType = text.plist.xml; path = Info.plist; sourceTree = "<group>"; };
		768235D81E856F69006186D7 /* your-piano-bar-blank piano only tab bar item size.png */ = {isa = PBXFileReference; lastKnownFileType = image.png; path = "your-piano-bar-blank piano only tab bar item size.png"; sourceTree = "<group>"; };
		768235E61E856FF7006186D7 /* Globals, Extensions, Etc.swift */ = {isa = PBXFileReference; fileEncoding = 4; lastKnownFileType = sourcecode.swift; path = "Globals, Extensions, Etc.swift"; sourceTree = "<group>"; };
		768235ED1E857044006186D7 /* Main.storyboard */ = {isa = PBXFileReference; fileEncoding = 4; lastKnownFileType = file.storyboard; path = Main.storyboard; sourceTree = "<group>"; };
		7696CEA020C9983100EFF2AD /* TuzData.swift */ = {isa = PBXFileReference; lastKnownFileType = sourcecode.swift; path = TuzData.swift; sourceTree = "<group>"; };
		769D2E161EAD06C00069FB30 /* !your-piano-bar-logo-tagline-final.png */ = {isa = PBXFileReference; lastKnownFileType = image.png; path = "!your-piano-bar-logo-tagline-final.png"; sourceTree = "<group>"; };
		769D2E181EAE20BC0069FB30 /* GoogleService-Info.plist */ = {isa = PBXFileReference; fileEncoding = 4; lastKnownFileType = text.plist.xml; path = "GoogleService-Info.plist"; sourceTree = "<group>"; };
		769D2E1A1EAE20CC0069FB30 /* GoogleService-Info.plist */ = {isa = PBXFileReference; fileEncoding = 4; lastKnownFileType = text.plist.xml; path = "GoogleService-Info.plist"; sourceTree = "<group>"; };
		769E28E82014F8ED0014D7F4 /* Font Extensions for Views.swift */ = {isa = PBXFileReference; lastKnownFileType = sourcecode.swift; path = "Font Extensions for Views.swift"; sourceTree = "<group>"; };
		769E28EA2016CA9C0014D7F4 /* UIFont Extensions.swift */ = {isa = PBXFileReference; lastKnownFileType = sourcecode.swift; path = "UIFont Extensions.swift"; sourceTree = "<group>"; };
		769FFBF11EAA1AB800F5EB37 /* YPB.swift */ = {isa = PBXFileReference; fileEncoding = 4; lastKnownFileType = sourcecode.swift; path = YPB.swift; sourceTree = "<group>"; };
		76ACB9A61E95465300923D6F /* BebasNeue Bold.ttf */ = {isa = PBXFileReference; lastKnownFileType = file; path = "BebasNeue Bold.ttf"; sourceTree = "<group>"; };
		76ACB9A71E95465300923D6F /* BebasNeue Book.ttf */ = {isa = PBXFileReference; lastKnownFileType = file; path = "BebasNeue Book.ttf"; sourceTree = "<group>"; };
		76ACB9A81E95465300923D6F /* BebasNeue Light.ttf */ = {isa = PBXFileReference; lastKnownFileType = file; path = "BebasNeue Light.ttf"; sourceTree = "<group>"; };
		76ACB9A91E95465300923D6F /* BebasNeue Regular.ttf */ = {isa = PBXFileReference; lastKnownFileType = file; path = "BebasNeue Regular.ttf"; sourceTree = "<group>"; };
		76ACB9AA1E95465300923D6F /* BebasNeue Thin.ttf */ = {isa = PBXFileReference; lastKnownFileType = file; path = "BebasNeue Thin.ttf"; sourceTree = "<group>"; };
		76ACB9AB1E95982A00923D6F /* Bebas.TTF */ = {isa = PBXFileReference; lastKnownFileType = file; path = Bebas.TTF; sourceTree = "<group>"; };
		76BE13AD1EC09340007A7348 /* Decade.swift */ = {isa = PBXFileReference; fileEncoding = 4; lastKnownFileType = sourcecode.swift; path = Decade.swift; sourceTree = "<group>"; };
		76C6E9D420C7454B00A3E3B3 /* DecadesTableViewController.swift */ = {isa = PBXFileReference; lastKnownFileType = sourcecode.swift; path = DecadesTableViewController.swift; sourceTree = "<group>"; };
		76C9C25420239B0900CE127A /* SignInTableViewController.swift */ = {isa = PBXFileReference; lastKnownFileType = sourcecode.swift; path = SignInTableViewController.swift; sourceTree = "<group>"; };
		76CD8E841FF063DB00081206 /* Requests - Realm Classes.swift */ = {isa = PBXFileReference; fileEncoding = 4; lastKnownFileType = sourcecode.swift; name = "Requests - Realm Classes.swift"; path = "../../YourPianoBarPianist/YourPianoBarPianist/Requests - Realm Classes.swift"; sourceTree = "<group>"; };
		76CDBE771EDB297B005C9C56 /* String Extensions.swift */ = {isa = PBXFileReference; fileEncoding = 4; lastKnownFileType = sourcecode.swift; path = "String Extensions.swift"; sourceTree = "<group>"; };
		76CF44A520C06F7800E37671 /* song list short.tsv */ = {isa = PBXFileReference; fileEncoding = 4; lastKnownFileType = text; path = "song list short.tsv"; sourceTree = "<group>"; };
		76CF44A720C0707E00E37671 /* 2016 Song List and Progress - Master List.tsv */ = {isa = PBXFileReference; fileEncoding = 4; lastKnownFileType = text; path = "2016 Song List and Progress - Master List.tsv"; sourceTree = "<group>"; };
		76DD71F81EC0601100AD3AEE /* BrowserObject.swift */ = {isa = PBXFileReference; fileEncoding = 4; lastKnownFileType = sourcecode.swift; path = BrowserObject.swift; sourceTree = "<group>"; };
		76DD71FA1EC0636A00AD3AEE /* BrowserCategory.swift */ = {isa = PBXFileReference; fileEncoding = 4; lastKnownFileType = sourcecode.swift; path = BrowserCategory.swift; sourceTree = "<group>"; };
		76E6FDD22024C96700FA1B8C /* AppDelegate GoogleSignIn extension.swift */ = {isa = PBXFileReference; lastKnownFileType = sourcecode.swift; path = "AppDelegate GoogleSignIn extension.swift"; sourceTree = "<group>"; };
		76F638231E9E99E8001BBFB1 /* Artist.swift */ = {isa = PBXFileReference; fileEncoding = 4; lastKnownFileType = sourcecode.swift; path = Artist.swift; sourceTree = "<group>"; };
		76F638241E9E99E8001BBFB1 /* Genre.swift */ = {isa = PBXFileReference; fileEncoding = 4; lastKnownFileType = sourcecode.swift; path = Genre.swift; sourceTree = "<group>"; };
		76F638261E9E99E8001BBFB1 /* Song.swift */ = {isa = PBXFileReference; fileEncoding = 4; lastKnownFileType = sourcecode.swift; path = Song.swift; sourceTree = "<group>"; };
		76F6382C1E9FD476001BBFB1 /* GenresTableViewController_OLD.swift */ = {isa = PBXFileReference; fileEncoding = 4; lastKnownFileType = sourcecode.swift; path = GenresTableViewController_OLD.swift; sourceTree = "<group>"; };
		76F638301EA102B4001BBFB1 /* SongImporter.swift */ = {isa = PBXFileReference; fileEncoding = 4; lastKnownFileType = sourcecode.swift; path = SongImporter.swift; sourceTree = "<group>"; };
		76F638371EA221AA001BBFB1 /* SongsTableViewController_OLD.swift */ = {isa = PBXFileReference; fileEncoding = 4; lastKnownFileType = sourcecode.swift; path = SongsTableViewController_OLD.swift; sourceTree = "<group>"; };
		76F6EB28202A05D1003D9731 /* RegisterTableViewController.swift */ = {isa = PBXFileReference; lastKnownFileType = sourcecode.swift; path = RegisterTableViewController.swift; sourceTree = "<group>"; };
		76FD80B32038805600CD14D1 /* your-piano-bar-200px-4web-color piano only.png */ = {isa = PBXFileReference; lastKnownFileType = image.png; path = "your-piano-bar-200px-4web-color piano only.png"; sourceTree = "<group>"; };
		76FE07DE2031B62300CF3888 /* CreateRequestTableViewController.swift */ = {isa = PBXFileReference; lastKnownFileType = sourcecode.swift; path = CreateRequestTableViewController.swift; sourceTree = "<group>"; };
		936553EFC12639F0F34BEB95 /* Pods-Your SongTests.release.xcconfig */ = {isa = PBXFileReference; includeInIndex = 1; lastKnownFileType = text.xcconfig; name = "Pods-Your SongTests.release.xcconfig"; path = "Pods/Target Support Files/Pods-Your SongTests/Pods-Your SongTests.release.xcconfig"; sourceTree = "<group>"; };
		A2D710B998525B1ABFB931E6 /* Pods-Your SongTests.debug.xcconfig */ = {isa = PBXFileReference; includeInIndex = 1; lastKnownFileType = text.xcconfig; name = "Pods-Your SongTests.debug.xcconfig"; path = "Pods/Target Support Files/Pods-Your SongTests/Pods-Your SongTests.debug.xcconfig"; sourceTree = "<group>"; };
		E070915432A6D5E53ABF6D0E /* Pods_Your_SongTests.framework */ = {isa = PBXFileReference; explicitFileType = wrapper.framework; includeInIndex = 0; path = Pods_Your_SongTests.framework; sourceTree = BUILT_PRODUCTS_DIR; };
		F6945A0847332FACFE0432F5 /* Pods-Your Song.debug.xcconfig */ = {isa = PBXFileReference; includeInIndex = 1; lastKnownFileType = text.xcconfig; name = "Pods-Your Song.debug.xcconfig"; path = "Pods/Target Support Files/Pods-Your Song/Pods-Your Song.debug.xcconfig"; sourceTree = "<group>"; };
/* End PBXFileReference section */

/* Begin PBXFrameworksBuildPhase section */
		768235A81E856ECF006186D7 /* Frameworks */ = {
			isa = PBXFrameworksBuildPhase;
			buildActionMask = 2147483647;
			files = (
				E7A9ADEDE4698EC8280B0112 /* Pods_Your_Song.framework in Frameworks */,
			);
			runOnlyForDeploymentPostprocessing = 0;
		};
		768235BC1E856ED0006186D7 /* Frameworks */ = {
			isa = PBXFrameworksBuildPhase;
			buildActionMask = 2147483647;
			files = (
				4B4A55CFCE0A73D3D38AF1C2 /* Pods_Your_SongTests.framework in Frameworks */,
			);
			runOnlyForDeploymentPostprocessing = 0;
		};
/* End PBXFrameworksBuildPhase section */

/* Begin PBXGroup section */
		356A5A01DD5F1E2551601530 /* Pods */ = {
			isa = PBXGroup;
			children = (
				F6945A0847332FACFE0432F5 /* Pods-Your Song.debug.xcconfig */,
				643AB7A2DF887E275FC98C39 /* Pods-Your Song.release.xcconfig */,
				A2D710B998525B1ABFB931E6 /* Pods-Your SongTests.debug.xcconfig */,
				936553EFC12639F0F34BEB95 /* Pods-Your SongTests.release.xcconfig */,
			);
			name = Pods;
			sourceTree = "<group>";
		};
		760AACCC2017AE0100F1C97A /* UI Design */ = {
			isa = PBXGroup;
			children = (
				521A5A2E1FF57B890056A11D /* UI Design for CreateRequest.swift */,
				769E28E82014F8ED0014D7F4 /* Font Extensions for Views.swift */,
				769E28EA2016CA9C0014D7F4 /* UIFont Extensions.swift */,
				760AACCD2017AE1B00F1C97A /* ViewController Extension, changing fonts.swift */,
			);
			name = "UI Design";
			sourceTree = "<group>";
		};
		764FF2B01ED9DABE00F8A6FC /* Utilities */ = {
			isa = PBXGroup;
			children = (
				762183C4202792D800592148 /* SignIn Utility Extensions.swift */,
				767551AC201D013800EEC9C8 /* SongFinder.swift */,
				767551AE201E48DD00EEC9C8 /* SongFinderTestsTableViewController.swift */,
				521A5A2C1FF5719D0056A11D /* Utility Functions.swift */,
				764FF2B51ED9DB1C00F8A6FC /* BlogXML.swift */,
				76CDBE771EDB297B005C9C56 /* String Extensions.swift */,
			);
			name = Utilities;
			sourceTree = "<group>";
		};
		765D4B2F2002FC6E003DB0DF /* Bebas */ = {
			isa = PBXGroup;
			children = (
				76ACB9AB1E95982A00923D6F /* Bebas.TTF */,
				76ACB9A61E95465300923D6F /* BebasNeue Bold.ttf */,
				76ACB9A71E95465300923D6F /* BebasNeue Book.ttf */,
				76ACB9A81E95465300923D6F /* BebasNeue Light.ttf */,
				76ACB9A91E95465300923D6F /* BebasNeue Regular.ttf */,
				76ACB9AA1E95465300923D6F /* BebasNeue Thin.ttf */,
			);
			name = Bebas;
			sourceTree = "<group>";
		};
		765D4B402002FCBC003DB0DF /* Oswald */ = {
			isa = PBXGroup;
			children = (
				765D4B3C2002FC99003DB0DF /* Oswald-Bold.ttf */,
				765D4B372002FC93003DB0DF /* Oswald-BoldItalic.ttf */,
				765D4B3A2002FC97003DB0DF /* Oswald-Demi-BoldItalic.ttf */,
				765D4B3B2002FC98003DB0DF /* Oswald-DemiBold.ttf */,
				765D4B362002FC92003DB0DF /* Oswald-Extra-LightItalic.ttf */,
				765D4B392002FC95003DB0DF /* Oswald-ExtraLight.ttf */,
				765D4B3D2002FC9A003DB0DF /* Oswald-Heavy.ttf */,
				765D4B322002FC8E003DB0DF /* Oswald-HeavyItalic.ttf */,
				765D4B352002FC91003DB0DF /* Oswald-Light.ttf */,
				765D4B312002FC8D003DB0DF /* Oswald-LightItalic.ttf */,
				765D4B382002FC94003DB0DF /* Oswald-Medium.ttf */,
				765D4B332002FC8F003DB0DF /* Oswald-MediumItalic.ttf */,
				765D4B3E2002FC9B003DB0DF /* Oswald-Regular.ttf */,
				765D4B302002FC8C003DB0DF /* Oswald-RegularItalic.ttf */,
				765D4B342002FC90003DB0DF /* Oswald-Stencil.ttf */,
			);
			name = Oswald;
			sourceTree = "<group>";
		};
		767551AB201CD51200EEC9C8 /* Backups */ = {
			isa = PBXGroup;
			children = (
				767551A9201CD4E600EEC9C8 /* Google SignIn from App Delegate.swift */,
			);
			path = Backups;
			sourceTree = "<group>";
		};
		768235A21E856ECF006186D7 = {
			isa = PBXGroup;
			children = (
				768235AD1E856ECF006186D7 /* Your Song */,
				768235D51E856F2F006186D7 /* Supporting Files */,
				768235C21E856ED0006186D7 /* Your SongTests */,
				768235AC1E856ECF006186D7 /* Products */,
				356A5A01DD5F1E2551601530 /* Pods */,
				E09B498726EEAFF726B182A6 /* Frameworks */,
			);
			sourceTree = "<group>";
		};
		768235AC1E856ECF006186D7 /* Products */ = {
			isa = PBXGroup;
			children = (
				768235AB1E856ECF006186D7 /* Your Song.app */,
				768235BF1E856ED0006186D7 /* Your SongTests.xctest */,
			);
			name = Products;
			sourceTree = "<group>";
		};
		768235AD1E856ECF006186D7 /* Your Song */ = {
			isa = PBXGroup;
			children = (
				76D1A22E1EDED106002EE3E7 /* YPB Universal */,
				768235DA1E856FAA006186D7 /* Browser */,
				768235ED1E857044006186D7 /* Main.storyboard */,
				76C9C25420239B0900CE127A /* SignInTableViewController.swift */,
				76F6EB28202A05D1003D9731 /* RegisterTableViewController.swift */,
				760C909820A8A26F0067DEE9 /* MasterViewController.swift */,
				76FE07DE2031B62300CF3888 /* CreateRequestTableViewController.swift */,
				7652898B205B45030019079E /* ThanksTableViewController.swift */,
				760AACCC2017AE0100F1C97A /* UI Design */,
				768235AE1E856ECF006186D7 /* AppDelegate.swift */,
				76E6FDD22024C96700FA1B8C /* AppDelegate GoogleSignIn extension.swift */,
			);
			path = "Your Song";
			sourceTree = "<group>";
		};
		768235C21E856ED0006186D7 /* Your SongTests */ = {
			isa = PBXGroup;
			children = (
				769D2E1A1EAE20CC0069FB30 /* GoogleService-Info.plist */,
				768235C31E856ED0006186D7 /* Your_SongTests.swift */,
				768235C51E856ED0006186D7 /* Info.plist */,
			);
			path = "Your SongTests";
			sourceTree = "<group>";
		};
		768235D51E856F2F006186D7 /* Supporting Files */ = {
			isa = PBXGroup;
			children = (
				76CF44A720C0707E00E37671 /* 2016 Song List and Progress - Master List.tsv */,
				76CF44A520C06F7800E37671 /* song list short.tsv */,
				769D2E181EAE20BC0069FB30 /* GoogleService-Info.plist */,
				768235BA1E856ED0006186D7 /* Info.plist */,
				769D2E1C1EAE22530069FB30 /* Assets */,
				768235B51E856ED0006186D7 /* Assets.xcassets */,
				768235B71E856ED0006186D7 /* LaunchScreen.storyboard */,
				5220375F20CF146C009760EB /* LaunchScreenViewController.swift */,
				76321C641EAEB101001C860C /* Your Song-Bridging-Header.h */,
				767551AB201CD51200EEC9C8 /* Backups */,
			);
			name = "Supporting Files";
			path = "Your Song";
			sourceTree = "<group>";
		};
		768235DA1E856FAA006186D7 /* Browser */ = {
			isa = PBXGroup;
			children = (
				76ACB9B81E9A563200923D6F /* Old RSVC-based View Controllers */,
				7668923920C595C400359902 /* BrowserTableViewController_0518.swift */,
				7675B6E820C092400073DEF8 /* SongsTableViewController.swift */,
				765412A220C0D5E800A3ABAB /* ArtistsTableViewController.swift */,
				76C6E9D420C7454B00A3E3B3 /* DecadesTableViewController.swift */,
			);
			name = Browser;
			sourceTree = "<group>";
		};
		769D2E1C1EAE22530069FB30 /* Assets */ = {
			isa = PBXGroup;
			children = (
				76ACB9A51E95464700923D6F /* Fonts */,
				76FD80B32038805600CD14D1 /* your-piano-bar-200px-4web-color piano only.png */,
				769D2E161EAD06C00069FB30 /* !your-piano-bar-logo-tagline-final.png */,
				768235D81E856F69006186D7 /* your-piano-bar-blank piano only tab bar item size.png */,
			);
			name = Assets;
			sourceTree = "<group>";
		};
		76ACB9A51E95464700923D6F /* Fonts */ = {
			isa = PBXGroup;
			children = (
				765D4B402002FCBC003DB0DF /* Oswald */,
				765D4B2F2002FC6E003DB0DF /* Bebas */,
			);
			name = Fonts;
			sourceTree = "<group>";
		};
		76ACB9AF1E9A552400923D6F /* Realm Object Classes */ = {
			isa = PBXGroup;
			children = (
				521A5A261FF56FF10056A11D /* Event.swift */,
				762A6AE61EB9CA5700C6A115 /* SortedName.swift */,
				76F638261E9E99E8001BBFB1 /* Song.swift */,
				76BE13AD1EC09340007A7348 /* Decade.swift */,
				76F638231E9E99E8001BBFB1 /* Artist.swift */,
				76F638241E9E99E8001BBFB1 /* Genre.swift */,
				521A5A281FF570820056A11D /* RandomRequestCreator.swift */,
				76CD8E841FF063DB00081206 /* Requests - Realm Classes.swift */,
				521A5A2A1FF570C20056A11D /* YpbUser.swift */,
				76DD71FA1EC0636A00AD3AEE /* BrowserCategory.swift */,
				76DD71F81EC0601100AD3AEE /* BrowserObject.swift */,
			);
			name = "Realm Object Classes";
			sourceTree = "<group>";
		};
		76ACB9B81E9A563200923D6F /* Old RSVC-based View Controllers */ = {
			isa = PBXGroup;
			children = (
				76F638371EA221AA001BBFB1 /* SongsTableViewController_OLD.swift */,
				7607666A1EA3920F00348171 /* ArtistsTableViewController_OLD.swift */,
				7618CC751EC4DEFD000CE532 /* CategoryViewController_OLD.swift */,
				76F6382C1E9FD476001BBFB1 /* GenresTableViewController_OLD.swift */,
				7618CC6F1EC46C75000CE532 /* DecadesTableViewController_OLD.swift */,
				762A6AE41EB5D19300C6A115 /* BrowserViewController_OLD.swift */,
			);
			name = "Old RSVC-based View Controllers";
			sourceTree = "<group>";
		};
		76D1A22E1EDED106002EE3E7 /* YPB Universal */ = {
			isa = PBXGroup;
			children = (
				76F638341EA102DF001BBFB1 /* Importer */,
				76ACB9AF1E9A552400923D6F /* Realm Object Classes */,
				769FFBF11EAA1AB800F5EB37 /* YPB.swift */,
				768235E61E856FF7006186D7 /* Globals, Extensions, Etc.swift */,
				764FF2B01ED9DABE00F8A6FC /* Utilities */,
				7696CEA020C9983100EFF2AD /* TuzData.swift */,
			);
			name = "YPB Universal";
			sourceTree = "<group>";
		};
		76F638341EA102DF001BBFB1 /* Importer */ = {
			isa = PBXGroup;
			children = (
				764FF2AC1ED981E200F8A6FC /* song list.tsv */,
				76F638301EA102B4001BBFB1 /* SongImporter.swift */,
			);
			name = Importer;
			sourceTree = "<group>";
		};
		E09B498726EEAFF726B182A6 /* Frameworks */ = {
			isa = PBXGroup;
			children = (
				0ABF8950A55681E642CF9CD7 /* Pods_Your_Song.framework */,
				E070915432A6D5E53ABF6D0E /* Pods_Your_SongTests.framework */,
			);
			name = Frameworks;
			sourceTree = "<group>";
		};
/* End PBXGroup section */

/* Begin PBXNativeTarget section */
		768235AA1E856ECF006186D7 /* Your Song */ = {
			isa = PBXNativeTarget;
			buildConfigurationList = 768235C81E856ED0006186D7 /* Build configuration list for PBXNativeTarget "Your Song" */;
			buildPhases = (
				E6A88E3085722E2B74CC5BD8 /* [CP] Check Pods Manifest.lock */,
				768235A71E856ECF006186D7 /* Sources */,
				768235A81E856ECF006186D7 /* Frameworks */,
				768235A91E856ECF006186D7 /* Resources */,
				344AE7C07BE8C8A9A35F197A /* [CP] Embed Pods Frameworks */,
				57E8E7CF3D54127F5A585702 /* [CP] Copy Pods Resources */,
			);
			buildRules = (
			);
			dependencies = (
			);
			name = "Your Song";
			productName = "Your Song";
			productReference = 768235AB1E856ECF006186D7 /* Your Song.app */;
			productType = "com.apple.product-type.application";
		};
		768235BE1E856ED0006186D7 /* Your SongTests */ = {
			isa = PBXNativeTarget;
			buildConfigurationList = 768235CB1E856ED0006186D7 /* Build configuration list for PBXNativeTarget "Your SongTests" */;
			buildPhases = (
				8F3C0C05D41A5E21ECA0663B /* [CP] Check Pods Manifest.lock */,
				768235BB1E856ED0006186D7 /* Sources */,
				768235BC1E856ED0006186D7 /* Frameworks */,
				768235BD1E856ED0006186D7 /* Resources */,
				F39EED54ACEC2D0AD3A5AB88 /* [CP] Embed Pods Frameworks */,
				6AF41F4F2E9E4CA60E462DB3 /* [CP] Copy Pods Resources */,
			);
			buildRules = (
			);
			dependencies = (
				768235C11E856ED0006186D7 /* PBXTargetDependency */,
			);
			name = "Your SongTests";
			productName = "Your SongTests";
			productReference = 768235BF1E856ED0006186D7 /* Your SongTests.xctest */;
			productType = "com.apple.product-type.bundle.unit-test";
		};
/* End PBXNativeTarget section */

/* Begin PBXProject section */
		768235A31E856ECF006186D7 /* Project object */ = {
			isa = PBXProject;
			attributes = {
				LastSwiftUpdateCheck = 0820;
				LastUpgradeCheck = 0930;
				ORGANIZATIONNAME = "Jonathan Tuzman";
				TargetAttributes = {
					768235AA1E856ECF006186D7 = {
						CreatedOnToolsVersion = 8.2.1;
						DevelopmentTeam = 99DCWP49D6;
						LastSwiftMigration = 0900;
						ProvisioningStyle = Automatic;
					};
					768235BE1E856ED0006186D7 = {
						CreatedOnToolsVersion = 8.2.1;
						DevelopmentTeam = MS76ZC84AE;
						LastSwiftMigration = 0900;
						ProvisioningStyle = Automatic;
						TestTargetID = 768235AA1E856ECF006186D7;
					};
				};
			};
			buildConfigurationList = 768235A61E856ECF006186D7 /* Build configuration list for PBXProject "Your Song" */;
			compatibilityVersion = "Xcode 3.2";
			developmentRegion = English;
			hasScannedForEncodings = 0;
			knownRegions = (
				en,
				Base,
			);
			mainGroup = 768235A21E856ECF006186D7;
			productRefGroup = 768235AC1E856ECF006186D7 /* Products */;
			projectDirPath = "";
			projectRoot = "";
			targets = (
				768235AA1E856ECF006186D7 /* Your Song */,
				768235BE1E856ED0006186D7 /* Your SongTests */,
			);
		};
/* End PBXProject section */

/* Begin PBXResourcesBuildPhase section */
		768235A91E856ECF006186D7 /* Resources */ = {
			isa = PBXResourcesBuildPhase;
			buildActionMask = 2147483647;
			files = (
				765D4B4A2002FD31003DB0DF /* Oswald-LightItalic.ttf in Resources */,
				769D2E171EAD06C00069FB30 /* !your-piano-bar-logo-tagline-final.png in Resources */,
				769D2E191EAE20BC0069FB30 /* GoogleService-Info.plist in Resources */,
				765D4B452002FD31003DB0DF /* Oswald-Extra-LightItalic.ttf in Resources */,
				764FF2AD1ED981E200F8A6FC /* song list.tsv in Resources */,
				765D4B472002FD31003DB0DF /* Oswald-Heavy.ttf in Resources */,
				765D4B4E2002FD31003DB0DF /* Oswald-RegularItalic.ttf in Resources */,
				765D4B462002FD31003DB0DF /* Oswald-ExtraLight.ttf in Resources */,
				765D4B482002FD31003DB0DF /* Oswald-HeavyItalic.ttf in Resources */,
				76CF44A620C06F7900E37671 /* song list short.tsv in Resources */,
				765D4B4F2002FD31003DB0DF /* Oswald-Stencil.ttf in Resources */,
				765D4B412002FD31003DB0DF /* Oswald-Bold.ttf in Resources */,
				768235B91E856ED0006186D7 /* LaunchScreen.storyboard in Resources */,
				765D4B4C2002FD31003DB0DF /* Oswald-MediumItalic.ttf in Resources */,
				768235EE1E857044006186D7 /* Main.storyboard in Resources */,
				765D4B432002FD31003DB0DF /* Oswald-Demi-BoldItalic.ttf in Resources */,
				765D4B492002FD31003DB0DF /* Oswald-Light.ttf in Resources */,
				76FD80B42038805800CD14D1 /* your-piano-bar-200px-4web-color piano only.png in Resources */,
				768235B61E856ED0006186D7 /* Assets.xcassets in Resources */,
				765D4B4D2002FD31003DB0DF /* Oswald-Regular.ttf in Resources */,
				768235D91E856F69006186D7 /* your-piano-bar-blank piano only tab bar item size.png in Resources */,
				765D4B4B2002FD31003DB0DF /* Oswald-Medium.ttf in Resources */,
				765D4B422002FD31003DB0DF /* Oswald-BoldItalic.ttf in Resources */,
				76CF44A820C0707E00E37671 /* 2016 Song List and Progress - Master List.tsv in Resources */,
				765D4B442002FD31003DB0DF /* Oswald-DemiBold.ttf in Resources */,
			);
			runOnlyForDeploymentPostprocessing = 0;
		};
		768235BD1E856ED0006186D7 /* Resources */ = {
			isa = PBXResourcesBuildPhase;
			buildActionMask = 2147483647;
			files = (
				769D2E1B1EAE20CC0069FB30 /* GoogleService-Info.plist in Resources */,
			);
			runOnlyForDeploymentPostprocessing = 0;
		};
/* End PBXResourcesBuildPhase section */

/* Begin PBXShellScriptBuildPhase section */
		344AE7C07BE8C8A9A35F197A /* [CP] Embed Pods Frameworks */ = {
			isa = PBXShellScriptBuildPhase;
			buildActionMask = 2147483647;
			files = (
			);
			inputPaths = (
				"${SRCROOT}/Pods/Target Support Files/Pods-Your Song/Pods-Your Song-frameworks.sh",
				"${BUILT_PRODUCTS_DIR}/GTMOAuth2/GTMOAuth2.framework",
				"${BUILT_PRODUCTS_DIR}/GTMSessionFetcher/GTMSessionFetcher.framework",
				"${BUILT_PRODUCTS_DIR}/GoogleToolboxForMac/GoogleToolboxForMac.framework",
				"${BUILT_PRODUCTS_DIR}/Realm/Realm.framework",
				"${BUILT_PRODUCTS_DIR}/RealmSearchViewController/RealmSearchViewController.framework",
				"${BUILT_PRODUCTS_DIR}/RealmSwift/RealmSwift.framework",
			);
			name = "[CP] Embed Pods Frameworks";
			outputPaths = (
				"${TARGET_BUILD_DIR}/${FRAMEWORKS_FOLDER_PATH}/GTMOAuth2.framework",
				"${TARGET_BUILD_DIR}/${FRAMEWORKS_FOLDER_PATH}/GTMSessionFetcher.framework",
				"${TARGET_BUILD_DIR}/${FRAMEWORKS_FOLDER_PATH}/GoogleToolboxForMac.framework",
				"${TARGET_BUILD_DIR}/${FRAMEWORKS_FOLDER_PATH}/Realm.framework",
				"${TARGET_BUILD_DIR}/${FRAMEWORKS_FOLDER_PATH}/RealmSearchViewController.framework",
				"${TARGET_BUILD_DIR}/${FRAMEWORKS_FOLDER_PATH}/RealmSwift.framework",
			);
			runOnlyForDeploymentPostprocessing = 0;
			shellPath = /bin/sh;
			shellScript = "\"${SRCROOT}/Pods/Target Support Files/Pods-Your Song/Pods-Your Song-frameworks.sh\"\n";
			showEnvVarsInLog = 0;
		};
		57E8E7CF3D54127F5A585702 /* [CP] Copy Pods Resources */ = {
			isa = PBXShellScriptBuildPhase;
			buildActionMask = 2147483647;
			files = (
			);
			inputPaths = (
				"${SRCROOT}/Pods/Target Support Files/Pods-Your Song/Pods-Your Song-resources.sh",
				"${PODS_ROOT}/GoogleSignIn/Resources/GoogleSignIn.bundle",
			);
			name = "[CP] Copy Pods Resources";
			outputPaths = (
				"${TARGET_BUILD_DIR}/${UNLOCALIZED_RESOURCES_FOLDER_PATH}/GoogleSignIn.bundle",
			);
			runOnlyForDeploymentPostprocessing = 0;
			shellPath = /bin/sh;
			shellScript = "\"${SRCROOT}/Pods/Target Support Files/Pods-Your Song/Pods-Your Song-resources.sh\"\n";
			showEnvVarsInLog = 0;
		};
		6AF41F4F2E9E4CA60E462DB3 /* [CP] Copy Pods Resources */ = {
			isa = PBXShellScriptBuildPhase;
			buildActionMask = 2147483647;
			files = (
			);
			inputPaths = (
				"${SRCROOT}/Pods/Target Support Files/Pods-Your SongTests/Pods-Your SongTests-resources.sh",
				"${PODS_ROOT}/GoogleSignIn/Resources/GoogleSignIn.bundle",
			);
			name = "[CP] Copy Pods Resources";
			outputPaths = (
				"${TARGET_BUILD_DIR}/${UNLOCALIZED_RESOURCES_FOLDER_PATH}/GoogleSignIn.bundle",
			);
			runOnlyForDeploymentPostprocessing = 0;
			shellPath = /bin/sh;
			shellScript = "\"${SRCROOT}/Pods/Target Support Files/Pods-Your SongTests/Pods-Your SongTests-resources.sh\"\n";
			showEnvVarsInLog = 0;
		};
		8F3C0C05D41A5E21ECA0663B /* [CP] Check Pods Manifest.lock */ = {
			isa = PBXShellScriptBuildPhase;
			buildActionMask = 2147483647;
			files = (
			);
			inputPaths = (
				"${PODS_PODFILE_DIR_PATH}/Podfile.lock",
				"${PODS_ROOT}/Manifest.lock",
			);
			name = "[CP] Check Pods Manifest.lock";
			outputPaths = (
				"$(DERIVED_FILE_DIR)/Pods-Your SongTests-checkManifestLockResult.txt",
			);
			runOnlyForDeploymentPostprocessing = 0;
			shellPath = /bin/sh;
			shellScript = "diff \"${PODS_PODFILE_DIR_PATH}/Podfile.lock\" \"${PODS_ROOT}/Manifest.lock\" > /dev/null\nif [ $? != 0 ] ; then\n    # print error to STDERR\n    echo \"error: The sandbox is not in sync with the Podfile.lock. Run 'pod install' or update your CocoaPods installation.\" >&2\n    exit 1\nfi\n# This output is used by Xcode 'outputs' to avoid re-running this script phase.\necho \"SUCCESS\" > \"${SCRIPT_OUTPUT_FILE_0}\"\n";
			showEnvVarsInLog = 0;
		};
		E6A88E3085722E2B74CC5BD8 /* [CP] Check Pods Manifest.lock */ = {
			isa = PBXShellScriptBuildPhase;
			buildActionMask = 2147483647;
			files = (
			);
			inputPaths = (
				"${PODS_PODFILE_DIR_PATH}/Podfile.lock",
				"${PODS_ROOT}/Manifest.lock",
			);
			name = "[CP] Check Pods Manifest.lock";
			outputPaths = (
				"$(DERIVED_FILE_DIR)/Pods-Your Song-checkManifestLockResult.txt",
			);
			runOnlyForDeploymentPostprocessing = 0;
			shellPath = /bin/sh;
			shellScript = "diff \"${PODS_PODFILE_DIR_PATH}/Podfile.lock\" \"${PODS_ROOT}/Manifest.lock\" > /dev/null\nif [ $? != 0 ] ; then\n    # print error to STDERR\n    echo \"error: The sandbox is not in sync with the Podfile.lock. Run 'pod install' or update your CocoaPods installation.\" >&2\n    exit 1\nfi\n# This output is used by Xcode 'outputs' to avoid re-running this script phase.\necho \"SUCCESS\" > \"${SCRIPT_OUTPUT_FILE_0}\"\n";
			showEnvVarsInLog = 0;
		};
		F39EED54ACEC2D0AD3A5AB88 /* [CP] Embed Pods Frameworks */ = {
			isa = PBXShellScriptBuildPhase;
			buildActionMask = 2147483647;
			files = (
			);
			inputPaths = (
				"${SRCROOT}/Pods/Target Support Files/Pods-Your SongTests/Pods-Your SongTests-frameworks.sh",
				"${BUILT_PRODUCTS_DIR}/GTMOAuth2/GTMOAuth2.framework",
				"${BUILT_PRODUCTS_DIR}/GTMSessionFetcher/GTMSessionFetcher.framework",
				"${BUILT_PRODUCTS_DIR}/GoogleToolboxForMac/GoogleToolboxForMac.framework",
				"${BUILT_PRODUCTS_DIR}/Realm/Realm.framework",
				"${BUILT_PRODUCTS_DIR}/RealmSearchViewController/RealmSearchViewController.framework",
				"${BUILT_PRODUCTS_DIR}/RealmSwift/RealmSwift.framework",
				"${BUILT_PRODUCTS_DIR}/KIF/KIF.framework",
				"${BUILT_PRODUCTS_DIR}/Nimble/Nimble.framework",
			);
			name = "[CP] Embed Pods Frameworks";
			outputPaths = (
				"${TARGET_BUILD_DIR}/${FRAMEWORKS_FOLDER_PATH}/GTMOAuth2.framework",
				"${TARGET_BUILD_DIR}/${FRAMEWORKS_FOLDER_PATH}/GTMSessionFetcher.framework",
				"${TARGET_BUILD_DIR}/${FRAMEWORKS_FOLDER_PATH}/GoogleToolboxForMac.framework",
				"${TARGET_BUILD_DIR}/${FRAMEWORKS_FOLDER_PATH}/Realm.framework",
				"${TARGET_BUILD_DIR}/${FRAMEWORKS_FOLDER_PATH}/RealmSearchViewController.framework",
				"${TARGET_BUILD_DIR}/${FRAMEWORKS_FOLDER_PATH}/RealmSwift.framework",
				"${TARGET_BUILD_DIR}/${FRAMEWORKS_FOLDER_PATH}/KIF.framework",
				"${TARGET_BUILD_DIR}/${FRAMEWORKS_FOLDER_PATH}/Nimble.framework",
			);
			runOnlyForDeploymentPostprocessing = 0;
			shellPath = /bin/sh;
			shellScript = "\"${SRCROOT}/Pods/Target Support Files/Pods-Your SongTests/Pods-Your SongTests-frameworks.sh\"\n";
			showEnvVarsInLog = 0;
		};
/* End PBXShellScriptBuildPhase section */

/* Begin PBXSourcesBuildPhase section */
		768235A71E856ECF006186D7 /* Sources */ = {
			isa = PBXSourcesBuildPhase;
			buildActionMask = 2147483647;
			files = (
				768235E91E856FF7006186D7 /* Globals, Extensions, Etc.swift in Sources */,
				762A6AE51EB5D19300C6A115 /* BrowserViewController_OLD.swift in Sources */,
				76DD71FB1EC0636A00AD3AEE /* BrowserCategory.swift in Sources */,
				762A6AE71EB9CA5700C6A115 /* SortedName.swift in Sources */,
				76CDBE781EDB297B005C9C56 /* String Extensions.swift in Sources */,
				76F6EB29202A05D1003D9731 /* RegisterTableViewController.swift in Sources */,
				7696CEA120C9983100EFF2AD /* TuzData.swift in Sources */,
				76F638281E9E99E8001BBFB1 /* Genre.swift in Sources */,
				76F638311EA102B4001BBFB1 /* SongImporter.swift in Sources */,
				768235AF1E856ECF006186D7 /* AppDelegate.swift in Sources */,
				76F6382D1E9FD476001BBFB1 /* GenresTableViewController_OLD.swift in Sources */,
				769E28E92014F8ED0014D7F4 /* Font Extensions for Views.swift in Sources */,
				76BE13AE1EC09340007A7348 /* Decade.swift in Sources */,
				521A5A2B1FF570C20056A11D /* YpbUser.swift in Sources */,
				7618CC701EC46C75000CE532 /* DecadesTableViewController_OLD.swift in Sources */,
				76DD71F91EC0601100AD3AEE /* BrowserObject.swift in Sources */,
				764FF2B61ED9DB1C00F8A6FC /* BlogXML.swift in Sources */,
				7652898C205B45030019079E /* ThanksTableViewController.swift in Sources */,
				7607666B1EA3920F00348171 /* ArtistsTableViewController_OLD.swift in Sources */,
				76F638381EA221AA001BBFB1 /* SongsTableViewController_OLD.swift in Sources */,
				76FE07DF2031B62300CF3888 /* CreateRequestTableViewController.swift in Sources */,
				765412A320C0D5E800A3ABAB /* ArtistsTableViewController.swift in Sources */,
				762183C5202792D800592148 /* SignIn Utility Extensions.swift in Sources */,
				769FFBF21EAA1AB800F5EB37 /* YPB.swift in Sources */,
				760C909920A8A26F0067DEE9 /* MasterViewController.swift in Sources */,
				76E6FDD32024C96700FA1B8C /* AppDelegate GoogleSignIn extension.swift in Sources */,
				521A5A2F1FF57B890056A11D /* UI Design for CreateRequest.swift in Sources */,
				76F638271E9E99E8001BBFB1 /* Artist.swift in Sources */,
				7668923A20C595C400359902 /* BrowserTableViewController_0518.swift in Sources */,
				521A5A291FF570820056A11D /* RandomRequestCreator.swift in Sources */,
				76F6382A1E9E99E8001BBFB1 /* Song.swift in Sources */,
				521A5A2D1FF5719D0056A11D /* Utility Functions.swift in Sources */,
				7618CC761EC4DEFD000CE532 /* CategoryViewController_OLD.swift in Sources */,
				767551AD201D013800EEC9C8 /* SongFinder.swift in Sources */,
				769E28EB2016CA9C0014D7F4 /* UIFont Extensions.swift in Sources */,
				76CD8E851FF063DB00081206 /* Requests - Realm Classes.swift in Sources */,
				76C6E9D520C7454B00A3E3B3 /* DecadesTableViewController.swift in Sources */,
				767551AA201CD4E600EEC9C8 /* Google SignIn from App Delegate.swift in Sources */,
				760AACCE2017AE1B00F1C97A /* ViewController Extension, changing fonts.swift in Sources */,
				767551AF201E48DD00EEC9C8 /* SongFinderTestsTableViewController.swift in Sources */,
				521A5A271FF56FF10056A11D /* Event.swift in Sources */,
				7675B6E920C092400073DEF8 /* SongsTableViewController.swift in Sources */,
				5220376020CF146C009760EB /* LaunchScreenViewController.swift in Sources */,
				76C9C25520239B0900CE127A /* SignInTableViewController.swift in Sources */,
			);
			runOnlyForDeploymentPostprocessing = 0;
		};
		768235BB1E856ED0006186D7 /* Sources */ = {
			isa = PBXSourcesBuildPhase;
			buildActionMask = 2147483647;
			files = (
				768235C41E856ED0006186D7 /* Your_SongTests.swift in Sources */,
			);
			runOnlyForDeploymentPostprocessing = 0;
		};
/* End PBXSourcesBuildPhase section */

/* Begin PBXTargetDependency section */
		768235C11E856ED0006186D7 /* PBXTargetDependency */ = {
			isa = PBXTargetDependency;
			target = 768235AA1E856ECF006186D7 /* Your Song */;
			targetProxy = 768235C01E856ED0006186D7 /* PBXContainerItemProxy */;
		};
/* End PBXTargetDependency section */

/* Begin PBXVariantGroup section */
		768235B71E856ED0006186D7 /* LaunchScreen.storyboard */ = {
			isa = PBXVariantGroup;
			children = (
				768235B81E856ED0006186D7 /* Base */,
			);
			name = LaunchScreen.storyboard;
			sourceTree = "<group>";
		};
/* End PBXVariantGroup section */

/* Begin XCBuildConfiguration section */
		768235C61E856ED0006186D7 /* Debug */ = {
			isa = XCBuildConfiguration;
			buildSettings = {
				ALWAYS_SEARCH_USER_PATHS = NO;
				CLANG_ANALYZER_NONNULL = YES;
				CLANG_CXX_LANGUAGE_STANDARD = "gnu++0x";
				CLANG_CXX_LIBRARY = "libc++";
				CLANG_ENABLE_MODULES = YES;
				CLANG_ENABLE_OBJC_ARC = YES;
				CLANG_WARN_BLOCK_CAPTURE_AUTORELEASING = YES;
				CLANG_WARN_BOOL_CONVERSION = YES;
				CLANG_WARN_COMMA = YES;
				CLANG_WARN_CONSTANT_CONVERSION = YES;
				CLANG_WARN_DEPRECATED_OBJC_IMPLEMENTATIONS = YES;
				CLANG_WARN_DIRECT_OBJC_ISA_USAGE = YES_ERROR;
				CLANG_WARN_DOCUMENTATION_COMMENTS = YES;
				CLANG_WARN_EMPTY_BODY = YES;
				CLANG_WARN_ENUM_CONVERSION = YES;
				CLANG_WARN_INFINITE_RECURSION = YES;
				CLANG_WARN_INT_CONVERSION = YES;
				CLANG_WARN_NON_LITERAL_NULL_CONVERSION = YES;
				CLANG_WARN_OBJC_IMPLICIT_RETAIN_SELF = YES;
				CLANG_WARN_OBJC_LITERAL_CONVERSION = YES;
				CLANG_WARN_OBJC_ROOT_CLASS = YES_ERROR;
				CLANG_WARN_RANGE_LOOP_ANALYSIS = YES;
				CLANG_WARN_STRICT_PROTOTYPES = YES;
				CLANG_WARN_SUSPICIOUS_MOVE = YES;
				CLANG_WARN_UNREACHABLE_CODE = YES;
				CLANG_WARN__DUPLICATE_METHOD_MATCH = YES;
				"CODE_SIGN_IDENTITY[sdk=iphoneos*]" = "iPhone Developer";
				COPY_PHASE_STRIP = NO;
				DEBUG_INFORMATION_FORMAT = dwarf;
				ENABLE_STRICT_OBJC_MSGSEND = YES;
				ENABLE_TESTABILITY = YES;
				GCC_C_LANGUAGE_STANDARD = gnu99;
				GCC_DYNAMIC_NO_PIC = NO;
				GCC_NO_COMMON_BLOCKS = YES;
				GCC_OPTIMIZATION_LEVEL = 0;
				GCC_PREPROCESSOR_DEFINITIONS = (
					"DEBUG=1",
					"$(inherited)",
				);
				GCC_WARN_64_TO_32_BIT_CONVERSION = YES;
				GCC_WARN_ABOUT_RETURN_TYPE = YES_ERROR;
				GCC_WARN_UNDECLARED_SELECTOR = YES;
				GCC_WARN_UNINITIALIZED_AUTOS = YES_AGGRESSIVE;
				GCC_WARN_UNUSED_FUNCTION = YES;
				GCC_WARN_UNUSED_VARIABLE = YES;
				IPHONEOS_DEPLOYMENT_TARGET = 10.2;
				MTL_ENABLE_DEBUG_INFO = YES;
				ONLY_ACTIVE_ARCH = YES;
				SDKROOT = iphoneos;
				SWIFT_ACTIVE_COMPILATION_CONDITIONS = DEBUG;
				SWIFT_OPTIMIZATION_LEVEL = "-Onone";
			};
			name = Debug;
		};
		768235C71E856ED0006186D7 /* Release */ = {
			isa = XCBuildConfiguration;
			buildSettings = {
				ALWAYS_SEARCH_USER_PATHS = NO;
				CLANG_ANALYZER_NONNULL = YES;
				CLANG_CXX_LANGUAGE_STANDARD = "gnu++0x";
				CLANG_CXX_LIBRARY = "libc++";
				CLANG_ENABLE_MODULES = YES;
				CLANG_ENABLE_OBJC_ARC = YES;
				CLANG_WARN_BLOCK_CAPTURE_AUTORELEASING = YES;
				CLANG_WARN_BOOL_CONVERSION = YES;
				CLANG_WARN_COMMA = YES;
				CLANG_WARN_CONSTANT_CONVERSION = YES;
				CLANG_WARN_DEPRECATED_OBJC_IMPLEMENTATIONS = YES;
				CLANG_WARN_DIRECT_OBJC_ISA_USAGE = YES_ERROR;
				CLANG_WARN_DOCUMENTATION_COMMENTS = YES;
				CLANG_WARN_EMPTY_BODY = YES;
				CLANG_WARN_ENUM_CONVERSION = YES;
				CLANG_WARN_INFINITE_RECURSION = YES;
				CLANG_WARN_INT_CONVERSION = YES;
				CLANG_WARN_NON_LITERAL_NULL_CONVERSION = YES;
				CLANG_WARN_OBJC_IMPLICIT_RETAIN_SELF = YES;
				CLANG_WARN_OBJC_LITERAL_CONVERSION = YES;
				CLANG_WARN_OBJC_ROOT_CLASS = YES_ERROR;
				CLANG_WARN_RANGE_LOOP_ANALYSIS = YES;
				CLANG_WARN_STRICT_PROTOTYPES = YES;
				CLANG_WARN_SUSPICIOUS_MOVE = YES;
				CLANG_WARN_UNREACHABLE_CODE = YES;
				CLANG_WARN__DUPLICATE_METHOD_MATCH = YES;
				"CODE_SIGN_IDENTITY[sdk=iphoneos*]" = "iPhone Developer";
				COPY_PHASE_STRIP = NO;
				DEBUG_INFORMATION_FORMAT = "dwarf-with-dsym";
				ENABLE_NS_ASSERTIONS = NO;
				ENABLE_STRICT_OBJC_MSGSEND = YES;
				GCC_C_LANGUAGE_STANDARD = gnu99;
				GCC_NO_COMMON_BLOCKS = YES;
				GCC_WARN_64_TO_32_BIT_CONVERSION = YES;
				GCC_WARN_ABOUT_RETURN_TYPE = YES_ERROR;
				GCC_WARN_UNDECLARED_SELECTOR = YES;
				GCC_WARN_UNINITIALIZED_AUTOS = YES_AGGRESSIVE;
				GCC_WARN_UNUSED_FUNCTION = YES;
				GCC_WARN_UNUSED_VARIABLE = YES;
				IPHONEOS_DEPLOYMENT_TARGET = 10.2;
				MTL_ENABLE_DEBUG_INFO = NO;
				SDKROOT = iphoneos;
				SWIFT_OPTIMIZATION_LEVEL = "-Owholemodule";
				VALIDATE_PRODUCT = YES;
			};
			name = Release;
		};
		768235C91E856ED0006186D7 /* Debug */ = {
			isa = XCBuildConfiguration;
			baseConfigurationReference = F6945A0847332FACFE0432F5 /* Pods-Your Song.debug.xcconfig */;
			buildSettings = {
				ASSETCATALOG_COMPILER_APPICON_NAME = AppIcon;
				ASSETCATALOG_COMPILER_LAUNCHIMAGE_NAME = LaunchImage;
				CLANG_ENABLE_MODULES = YES;
				DEVELOPMENT_TEAM = 99DCWP49D6;
				FRAMEWORK_SEARCH_PATHS = (
					"$(inherited)",
					"$(PROJECT_DIR)",
				);
				INFOPLIST_FILE = "Your Song/Info.plist";
				LD_RUNPATH_SEARCH_PATHS = "$(inherited) @executable_path/Frameworks";
				PRODUCT_BUNDLE_IDENTIFIER = "TuzMusic.Your-Song";
				PRODUCT_NAME = "$(TARGET_NAME)";
				SWIFT_OBJC_BRIDGING_HEADER = "Your Song/Your Song-Bridging-Header.h";
				SWIFT_OPTIMIZATION_LEVEL = "-Onone";
				SWIFT_VERSION = 4.0;
			};
			name = Debug;
		};
		768235CA1E856ED0006186D7 /* Release */ = {
			isa = XCBuildConfiguration;
			baseConfigurationReference = 643AB7A2DF887E275FC98C39 /* Pods-Your Song.release.xcconfig */;
			buildSettings = {
				ASSETCATALOG_COMPILER_APPICON_NAME = AppIcon;
				ASSETCATALOG_COMPILER_LAUNCHIMAGE_NAME = LaunchImage;
				CLANG_ENABLE_MODULES = YES;
				DEVELOPMENT_TEAM = 99DCWP49D6;
				FRAMEWORK_SEARCH_PATHS = (
					"$(inherited)",
					"$(PROJECT_DIR)",
				);
				INFOPLIST_FILE = "Your Song/Info.plist";
				LD_RUNPATH_SEARCH_PATHS = "$(inherited) @executable_path/Frameworks";
				PRODUCT_BUNDLE_IDENTIFIER = "TuzMusic.Your-Song";
				PRODUCT_NAME = "$(TARGET_NAME)";
				SWIFT_OBJC_BRIDGING_HEADER = "Your Song/Your Song-Bridging-Header.h";
				SWIFT_VERSION = 4.0;
			};
			name = Release;
		};
		768235CC1E856ED0006186D7 /* Debug */ = {
			isa = XCBuildConfiguration;
			baseConfigurationReference = A2D710B998525B1ABFB931E6 /* Pods-Your SongTests.debug.xcconfig */;
			buildSettings = {
				ALWAYS_EMBED_SWIFT_STANDARD_LIBRARIES = YES;
				BUNDLE_LOADER = "$(TEST_HOST)";
				DEVELOPMENT_TEAM = MS76ZC84AE;
				INFOPLIST_FILE = "Your SongTests/Info.plist";
				LD_RUNPATH_SEARCH_PATHS = "$(inherited) @executable_path/Frameworks @loader_path/Frameworks";
				PRODUCT_BUNDLE_IDENTIFIER = "TuzMusic.Your-SongTests";
				PRODUCT_NAME = "$(TARGET_NAME)";
				SWIFT_VERSION = 4.0;
				TEST_HOST = "$(BUILT_PRODUCTS_DIR)/Your Song.app/Your Song";
			};
			name = Debug;
		};
		768235CD1E856ED0006186D7 /* Release */ = {
			isa = XCBuildConfiguration;
			baseConfigurationReference = 936553EFC12639F0F34BEB95 /* Pods-Your SongTests.release.xcconfig */;
			buildSettings = {
				ALWAYS_EMBED_SWIFT_STANDARD_LIBRARIES = YES;
				BUNDLE_LOADER = "$(TEST_HOST)";
				DEVELOPMENT_TEAM = MS76ZC84AE;
				INFOPLIST_FILE = "Your SongTests/Info.plist";
				LD_RUNPATH_SEARCH_PATHS = "$(inherited) @executable_path/Frameworks @loader_path/Frameworks";
				PRODUCT_BUNDLE_IDENTIFIER = "TuzMusic.Your-SongTests";
				PRODUCT_NAME = "$(TARGET_NAME)";
				SWIFT_VERSION = 4.0;
				TEST_HOST = "$(BUILT_PRODUCTS_DIR)/Your Song.app/Your Song";
			};
			name = Release;
		};
/* End XCBuildConfiguration section */

/* Begin XCConfigurationList section */
		768235A61E856ECF006186D7 /* Build configuration list for PBXProject "Your Song" */ = {
			isa = XCConfigurationList;
			buildConfigurations = (
				768235C61E856ED0006186D7 /* Debug */,
				768235C71E856ED0006186D7 /* Release */,
			);
			defaultConfigurationIsVisible = 0;
			defaultConfigurationName = Release;
		};
		768235C81E856ED0006186D7 /* Build configuration list for PBXNativeTarget "Your Song" */ = {
			isa = XCConfigurationList;
			buildConfigurations = (
				768235C91E856ED0006186D7 /* Debug */,
				768235CA1E856ED0006186D7 /* Release */,
			);
			defaultConfigurationIsVisible = 0;
			defaultConfigurationName = Release;
		};
		768235CB1E856ED0006186D7 /* Build configuration list for PBXNativeTarget "Your SongTests" */ = {
			isa = XCConfigurationList;
			buildConfigurations = (
				768235CC1E856ED0006186D7 /* Debug */,
				768235CD1E856ED0006186D7 /* Release */,
			);
			defaultConfigurationIsVisible = 0;
			defaultConfigurationName = Release;
		};
/* End XCConfigurationList section */
	};
	rootObject = 768235A31E856ECF006186D7 /* Project object */;
}
