// !$*UTF8*$!
{
	archiveVersion = 1;
	classes = {
	};
	objectVersion = 46;
	objects = {

/* Begin PBXBuildFile section */
		45B48EC4F1858BA01659C249 /* Pods_Your_SongTests.framework in Frameworks */ = {isa = PBXBuildFile; fileRef = C990F1270EECBB4AFC421D90 /* Pods_Your_SongTests.framework */; };
		6F1E83521AE714DADB07E778 /* Pods_Your_Song.framework in Frameworks */ = {isa = PBXBuildFile; fileRef = 404C8A1FF9076DA76C81486B /* Pods_Your_Song.framework */; };
		7607666B1EA3920F00348171 /* ArtistsTableViewController.swift in Sources */ = {isa = PBXBuildFile; fileRef = 7607666A1EA3920F00348171 /* ArtistsTableViewController.swift */; };
		762A6AE31EB4F93E00C6A115 /* SectionIndexTitlesForRealmSearch.swift in Sources */ = {isa = PBXBuildFile; fileRef = 762A6AE21EB4F93E00C6A115 /* SectionIndexTitlesForRealmSearch.swift */; };
		762F59531EAFCA3A000FE032 /* YpbUser.swift in Sources */ = {isa = PBXBuildFile; fileRef = 762F59521EAFCA3A000FE032 /* YpbUser.swift */; };
		768235AF1E856ECF006186D7 /* AppDelegate.swift in Sources */ = {isa = PBXBuildFile; fileRef = 768235AE1E856ECF006186D7 /* AppDelegate.swift */; };
		768235B61E856ED0006186D7 /* Assets.xcassets in Resources */ = {isa = PBXBuildFile; fileRef = 768235B51E856ED0006186D7 /* Assets.xcassets */; };
		768235B91E856ED0006186D7 /* LaunchScreen.storyboard in Resources */ = {isa = PBXBuildFile; fileRef = 768235B71E856ED0006186D7 /* LaunchScreen.storyboard */; };
		768235C41E856ED0006186D7 /* Your_SongTests.swift in Sources */ = {isa = PBXBuildFile; fileRef = 768235C31E856ED0006186D7 /* Your_SongTests.swift */; };
		768235D71E856F57006186D7 /* song list 1.tsv in Resources */ = {isa = PBXBuildFile; fileRef = 768235D61E856F57006186D7 /* song list 1.tsv */; };
		768235D91E856F69006186D7 /* your-piano-bar-blank piano only tab bar item size.png in Resources */ = {isa = PBXBuildFile; fileRef = 768235D81E856F69006186D7 /* your-piano-bar-blank piano only tab bar item size.png */; };
		768235E81E856FF7006186D7 /* CreateRequestTableViewController.swift in Sources */ = {isa = PBXBuildFile; fileRef = 768235E51E856FF7006186D7 /* CreateRequestTableViewController.swift */; };
		768235E91E856FF7006186D7 /* Globals, Extensions, Etc.swift in Sources */ = {isa = PBXBuildFile; fileRef = 768235E61E856FF7006186D7 /* Globals, Extensions, Etc.swift */; };
		768235EE1E857044006186D7 /* Main.storyboard in Resources */ = {isa = PBXBuildFile; fileRef = 768235ED1E857044006186D7 /* Main.storyboard */; };
		769D2E151EACE6510069FB30 /* SignInTableViewController.swift in Sources */ = {isa = PBXBuildFile; fileRef = 769D2E141EACE6510069FB30 /* SignInTableViewController.swift */; };
		769D2E171EAD06C00069FB30 /* !your-piano-bar-logo-tagline-final.png in Resources */ = {isa = PBXBuildFile; fileRef = 769D2E161EAD06C00069FB30 /* !your-piano-bar-logo-tagline-final.png */; };
		769D2E191EAE20BC0069FB30 /* GoogleService-Info.plist in Resources */ = {isa = PBXBuildFile; fileRef = 769D2E181EAE20BC0069FB30 /* GoogleService-Info.plist */; };
		769D2E1B1EAE20CC0069FB30 /* GoogleService-Info.plist in Resources */ = {isa = PBXBuildFile; fileRef = 769D2E1A1EAE20CC0069FB30 /* GoogleService-Info.plist */; };
		769FFBF21EAA1AB800F5EB37 /* YpbApp.swift in Sources */ = {isa = PBXBuildFile; fileRef = 769FFBF11EAA1AB800F5EB37 /* YpbApp.swift */; };
		76F638271E9E99E8001BBFB1 /* Artist.swift in Sources */ = {isa = PBXBuildFile; fileRef = 76F638231E9E99E8001BBFB1 /* Artist.swift */; };
		76F638281E9E99E8001BBFB1 /* Genre.swift in Sources */ = {isa = PBXBuildFile; fileRef = 76F638241E9E99E8001BBFB1 /* Genre.swift */; };
		76F638291E9E99E8001BBFB1 /* Requests - Realm Classes.swift in Sources */ = {isa = PBXBuildFile; fileRef = 76F638251E9E99E8001BBFB1 /* Requests - Realm Classes.swift */; };
		76F6382A1E9E99E8001BBFB1 /* Song.swift in Sources */ = {isa = PBXBuildFile; fileRef = 76F638261E9E99E8001BBFB1 /* Song.swift */; };
		76F6382D1E9FD476001BBFB1 /* GenresTableViewController.swift in Sources */ = {isa = PBXBuildFile; fileRef = 76F6382C1E9FD476001BBFB1 /* GenresTableViewController.swift */; };
		76F638311EA102B4001BBFB1 /* SongImporter.swift in Sources */ = {isa = PBXBuildFile; fileRef = 76F638301EA102B4001BBFB1 /* SongImporter.swift */; };
		76F638331EA102BA001BBFB1 /* song list 2.tsv in Resources */ = {isa = PBXBuildFile; fileRef = 76F638321EA102BA001BBFB1 /* song list 2.tsv */; };
		76F638381EA221AA001BBFB1 /* SongsTableViewController.swift in Sources */ = {isa = PBXBuildFile; fileRef = 76F638371EA221AA001BBFB1 /* SongsTableViewController.swift */; };
		76F6383A1EA223EC001BBFB1 /* RealmSetup.swift in Sources */ = {isa = PBXBuildFile; fileRef = 76F638391EA223EC001BBFB1 /* RealmSetup.swift */; };
/* End PBXBuildFile section */

/* Begin PBXContainerItemProxy section */
		768235C01E856ED0006186D7 /* PBXContainerItemProxy */ = {
			isa = PBXContainerItemProxy;
			containerPortal = 768235A31E856ECF006186D7 /* Project object */;
			proxyType = 1;
			remoteGlobalIDString = 768235AA1E856ECF006186D7;
			remoteInfo = "Your Song";
		};
/* End PBXContainerItemProxy section */

/* Begin PBXFileReference section */
		404C8A1FF9076DA76C81486B /* Pods_Your_Song.framework */ = {isa = PBXFileReference; explicitFileType = wrapper.framework; includeInIndex = 0; path = Pods_Your_Song.framework; sourceTree = BUILT_PRODUCTS_DIR; };
		6A2CDB364308A3385C0EB798 /* Pods-Your Song.release.xcconfig */ = {isa = PBXFileReference; includeInIndex = 1; lastKnownFileType = text.xcconfig; name = "Pods-Your Song.release.xcconfig"; path = "Pods/Target Support Files/Pods-Your Song/Pods-Your Song.release.xcconfig"; sourceTree = "<group>"; };
		7607666A1EA3920F00348171 /* ArtistsTableViewController.swift */ = {isa = PBXFileReference; fileEncoding = 4; lastKnownFileType = sourcecode.swift; path = ArtistsTableViewController.swift; sourceTree = "<group>"; };
		762A6AE21EB4F93E00C6A115 /* SectionIndexTitlesForRealmSearch.swift */ = {isa = PBXFileReference; fileEncoding = 4; lastKnownFileType = sourcecode.swift; path = SectionIndexTitlesForRealmSearch.swift; sourceTree = "<group>"; };
		762F59521EAFCA3A000FE032 /* YpbUser.swift */ = {isa = PBXFileReference; fileEncoding = 4; lastKnownFileType = sourcecode.swift; path = YpbUser.swift; sourceTree = "<group>"; };
		76321C641EAEB101001C860C /* Your Song-Bridging-Header.h */ = {isa = PBXFileReference; lastKnownFileType = sourcecode.c.h; path = "Your Song-Bridging-Header.h"; sourceTree = "<group>"; };
		768235AB1E856ECF006186D7 /* Your Song.app */ = {isa = PBXFileReference; explicitFileType = wrapper.application; includeInIndex = 0; path = "Your Song.app"; sourceTree = BUILT_PRODUCTS_DIR; };
		768235AE1E856ECF006186D7 /* AppDelegate.swift */ = {isa = PBXFileReference; lastKnownFileType = sourcecode.swift; path = AppDelegate.swift; sourceTree = "<group>"; };
		768235B51E856ED0006186D7 /* Assets.xcassets */ = {isa = PBXFileReference; lastKnownFileType = folder.assetcatalog; path = Assets.xcassets; sourceTree = "<group>"; };
		768235B81E856ED0006186D7 /* Base */ = {isa = PBXFileReference; lastKnownFileType = file.storyboard; name = Base; path = Base.lproj/LaunchScreen.storyboard; sourceTree = "<group>"; };
		768235BA1E856ED0006186D7 /* Info.plist */ = {isa = PBXFileReference; lastKnownFileType = text.plist.xml; path = Info.plist; sourceTree = "<group>"; };
		768235BF1E856ED0006186D7 /* Your SongTests.xctest */ = {isa = PBXFileReference; explicitFileType = wrapper.cfbundle; includeInIndex = 0; path = "Your SongTests.xctest"; sourceTree = BUILT_PRODUCTS_DIR; };
		768235C31E856ED0006186D7 /* Your_SongTests.swift */ = {isa = PBXFileReference; lastKnownFileType = sourcecode.swift; path = Your_SongTests.swift; sourceTree = "<group>"; };
		768235C51E856ED0006186D7 /* Info.plist */ = {isa = PBXFileReference; lastKnownFileType = text.plist.xml; path = Info.plist; sourceTree = "<group>"; };
		768235D61E856F57006186D7 /* song list 1.tsv */ = {isa = PBXFileReference; fileEncoding = 4; lastKnownFileType = text; path = "song list 1.tsv"; sourceTree = "<group>"; };
		768235D81E856F69006186D7 /* your-piano-bar-blank piano only tab bar item size.png */ = {isa = PBXFileReference; lastKnownFileType = image.png; path = "your-piano-bar-blank piano only tab bar item size.png"; sourceTree = "<group>"; };
		768235E51E856FF7006186D7 /* CreateRequestTableViewController.swift */ = {isa = PBXFileReference; fileEncoding = 4; lastKnownFileType = sourcecode.swift; path = CreateRequestTableViewController.swift; sourceTree = "<group>"; };
		768235E61E856FF7006186D7 /* Globals, Extensions, Etc.swift */ = {isa = PBXFileReference; fileEncoding = 4; lastKnownFileType = sourcecode.swift; path = "Globals, Extensions, Etc.swift"; sourceTree = "<group>"; };
		768235ED1E857044006186D7 /* Main.storyboard */ = {isa = PBXFileReference; fileEncoding = 4; lastKnownFileType = file.storyboard; path = Main.storyboard; sourceTree = "<group>"; };
		769D2E141EACE6510069FB30 /* SignInTableViewController.swift */ = {isa = PBXFileReference; fileEncoding = 4; lastKnownFileType = sourcecode.swift; path = SignInTableViewController.swift; sourceTree = "<group>"; };
		769D2E161EAD06C00069FB30 /* !your-piano-bar-logo-tagline-final.png */ = {isa = PBXFileReference; lastKnownFileType = image.png; path = "!your-piano-bar-logo-tagline-final.png"; sourceTree = "<group>"; };
		769D2E181EAE20BC0069FB30 /* GoogleService-Info.plist */ = {isa = PBXFileReference; fileEncoding = 4; lastKnownFileType = text.plist.xml; path = "GoogleService-Info.plist"; sourceTree = "<group>"; };
		769D2E1A1EAE20CC0069FB30 /* GoogleService-Info.plist */ = {isa = PBXFileReference; fileEncoding = 4; lastKnownFileType = text.plist.xml; path = "GoogleService-Info.plist"; sourceTree = "<group>"; };
		769FFBF11EAA1AB800F5EB37 /* YpbApp.swift */ = {isa = PBXFileReference; fileEncoding = 4; lastKnownFileType = sourcecode.swift; path = YpbApp.swift; sourceTree = "<group>"; };
		76ACB9A61E95465300923D6F /* BebasNeue Bold.ttf */ = {isa = PBXFileReference; lastKnownFileType = file; path = "BebasNeue Bold.ttf"; sourceTree = "<group>"; };
		76ACB9A71E95465300923D6F /* BebasNeue Book.ttf */ = {isa = PBXFileReference; lastKnownFileType = file; path = "BebasNeue Book.ttf"; sourceTree = "<group>"; };
		76ACB9A81E95465300923D6F /* BebasNeue Light.ttf */ = {isa = PBXFileReference; lastKnownFileType = file; path = "BebasNeue Light.ttf"; sourceTree = "<group>"; };
		76ACB9A91E95465300923D6F /* BebasNeue Regular.ttf */ = {isa = PBXFileReference; lastKnownFileType = file; path = "BebasNeue Regular.ttf"; sourceTree = "<group>"; };
		76ACB9AA1E95465300923D6F /* BebasNeue Thin.ttf */ = {isa = PBXFileReference; lastKnownFileType = file; path = "BebasNeue Thin.ttf"; sourceTree = "<group>"; };
		76ACB9AB1E95982A00923D6F /* Bebas.TTF */ = {isa = PBXFileReference; lastKnownFileType = file; path = Bebas.TTF; sourceTree = "<group>"; };
		76F638231E9E99E8001BBFB1 /* Artist.swift */ = {isa = PBXFileReference; fileEncoding = 4; lastKnownFileType = sourcecode.swift; path = Artist.swift; sourceTree = "<group>"; };
		76F638241E9E99E8001BBFB1 /* Genre.swift */ = {isa = PBXFileReference; fileEncoding = 4; lastKnownFileType = sourcecode.swift; path = Genre.swift; sourceTree = "<group>"; };
		76F638251E9E99E8001BBFB1 /* Requests - Realm Classes.swift */ = {isa = PBXFileReference; fileEncoding = 4; lastKnownFileType = sourcecode.swift; path = "Requests - Realm Classes.swift"; sourceTree = "<group>"; };
		76F638261E9E99E8001BBFB1 /* Song.swift */ = {isa = PBXFileReference; fileEncoding = 4; lastKnownFileType = sourcecode.swift; path = Song.swift; sourceTree = "<group>"; };
		76F6382C1E9FD476001BBFB1 /* GenresTableViewController.swift */ = {isa = PBXFileReference; fileEncoding = 4; lastKnownFileType = sourcecode.swift; path = GenresTableViewController.swift; sourceTree = "<group>"; };
		76F638301EA102B4001BBFB1 /* SongImporter.swift */ = {isa = PBXFileReference; fileEncoding = 4; lastKnownFileType = sourcecode.swift; path = SongImporter.swift; sourceTree = "<group>"; };
		76F638321EA102BA001BBFB1 /* song list 2.tsv */ = {isa = PBXFileReference; fileEncoding = 4; lastKnownFileType = text; path = "song list 2.tsv"; sourceTree = "<group>"; };
		76F638371EA221AA001BBFB1 /* SongsTableViewController.swift */ = {isa = PBXFileReference; fileEncoding = 4; lastKnownFileType = sourcecode.swift; path = SongsTableViewController.swift; sourceTree = "<group>"; };
		76F638391EA223EC001BBFB1 /* RealmSetup.swift */ = {isa = PBXFileReference; fileEncoding = 4; lastKnownFileType = sourcecode.swift; path = RealmSetup.swift; sourceTree = "<group>"; };
		83DF17F54E8055D173B70A1D /* Pods-Your SongTests.release.xcconfig */ = {isa = PBXFileReference; includeInIndex = 1; lastKnownFileType = text.xcconfig; name = "Pods-Your SongTests.release.xcconfig"; path = "Pods/Target Support Files/Pods-Your SongTests/Pods-Your SongTests.release.xcconfig"; sourceTree = "<group>"; };
		87D87E3028E95717BDF05199 /* Pods-Your SongTests.debug.xcconfig */ = {isa = PBXFileReference; includeInIndex = 1; lastKnownFileType = text.xcconfig; name = "Pods-Your SongTests.debug.xcconfig"; path = "Pods/Target Support Files/Pods-Your SongTests/Pods-Your SongTests.debug.xcconfig"; sourceTree = "<group>"; };
		8ED8B60A8FAE82ADC3497484 /* Pods-Your Song.debug.xcconfig */ = {isa = PBXFileReference; includeInIndex = 1; lastKnownFileType = text.xcconfig; name = "Pods-Your Song.debug.xcconfig"; path = "Pods/Target Support Files/Pods-Your Song/Pods-Your Song.debug.xcconfig"; sourceTree = "<group>"; };
		C990F1270EECBB4AFC421D90 /* Pods_Your_SongTests.framework */ = {isa = PBXFileReference; explicitFileType = wrapper.framework; includeInIndex = 0; path = Pods_Your_SongTests.framework; sourceTree = BUILT_PRODUCTS_DIR; };
/* End PBXFileReference section */

/* Begin PBXFrameworksBuildPhase section */
		768235A81E856ECF006186D7 /* Frameworks */ = {
			isa = PBXFrameworksBuildPhase;
			buildActionMask = 2147483647;
			files = (
				6F1E83521AE714DADB07E778 /* Pods_Your_Song.framework in Frameworks */,
			);
			runOnlyForDeploymentPostprocessing = 0;
		};
		768235BC1E856ED0006186D7 /* Frameworks */ = {
			isa = PBXFrameworksBuildPhase;
			buildActionMask = 2147483647;
			files = (
				45B48EC4F1858BA01659C249 /* Pods_Your_SongTests.framework in Frameworks */,
			);
			runOnlyForDeploymentPostprocessing = 0;
		};
/* End PBXFrameworksBuildPhase section */

/* Begin PBXGroup section */
		5FE1A2AAF8183F501AD29EDB /* Frameworks */ = {
			isa = PBXGroup;
			children = (
				404C8A1FF9076DA76C81486B /* Pods_Your_Song.framework */,
				C990F1270EECBB4AFC421D90 /* Pods_Your_SongTests.framework */,
			);
			name = Frameworks;
			sourceTree = "<group>";
		};
		768235A21E856ECF006186D7 = {
			isa = PBXGroup;
			children = (
				768235AD1E856ECF006186D7 /* Your Song */,
				768235D51E856F2F006186D7 /* Supporting Files */,
				768235C21E856ED0006186D7 /* Your SongTests */,
				768235AC1E856ECF006186D7 /* Products */,
				F8F2497AB0D6851DEC337D35 /* Pods */,
				5FE1A2AAF8183F501AD29EDB /* Frameworks */,
			);
			sourceTree = "<group>";
		};
		768235AC1E856ECF006186D7 /* Products */ = {
			isa = PBXGroup;
			children = (
				768235AB1E856ECF006186D7 /* Your Song.app */,
				768235BF1E856ED0006186D7 /* Your SongTests.xctest */,
			);
			name = Products;
			sourceTree = "<group>";
		};
		768235AD1E856ECF006186D7 /* Your Song */ = {
			isa = PBXGroup;
			children = (
				76ACB9AF1E9A552400923D6F /* Realm Object Classes */,
				768235DA1E856FAA006186D7 /* Browser */,
				768235ED1E857044006186D7 /* Main.storyboard */,
				769D2E141EACE6510069FB30 /* SignInTableViewController.swift */,
				768235E51E856FF7006186D7 /* CreateRequestTableViewController.swift */,
				768235E61E856FF7006186D7 /* Globals, Extensions, Etc.swift */,
				762A6AE21EB4F93E00C6A115 /* SectionIndexTitlesForRealmSearch.swift */,
				769FFBF11EAA1AB800F5EB37 /* YpbApp.swift */,
				768235AE1E856ECF006186D7 /* AppDelegate.swift */,
			);
			path = "Your Song";
			sourceTree = "<group>";
		};
		768235C21E856ED0006186D7 /* Your SongTests */ = {
			isa = PBXGroup;
			children = (
				769D2E1A1EAE20CC0069FB30 /* GoogleService-Info.plist */,
				768235C31E856ED0006186D7 /* Your_SongTests.swift */,
				768235C51E856ED0006186D7 /* Info.plist */,
			);
			path = "Your SongTests";
			sourceTree = "<group>";
		};
		768235D51E856F2F006186D7 /* Supporting Files */ = {
			isa = PBXGroup;
			children = (
				769D2E181EAE20BC0069FB30 /* GoogleService-Info.plist */,
				768235BA1E856ED0006186D7 /* Info.plist */,
				769D2E1C1EAE22530069FB30 /* Assets */,
				768235B51E856ED0006186D7 /* Assets.xcassets */,
				768235B71E856ED0006186D7 /* LaunchScreen.storyboard */,
				76321C641EAEB101001C860C /* Your Song-Bridging-Header.h */,
			);
			name = "Supporting Files";
			path = "Your Song";
			sourceTree = "<group>";
		};
		768235DA1E856FAA006186D7 /* Browser */ = {
			isa = PBXGroup;
			children = (
				76F638341EA102DF001BBFB1 /* Importer */,
				76ACB9B81E9A563200923D6F /* View Controllers */,
				76F638391EA223EC001BBFB1 /* RealmSetup.swift */,
			);
			name = Browser;
			sourceTree = "<group>";
		};
		769D2E1C1EAE22530069FB30 /* Assets */ = {
			isa = PBXGroup;
			children = (
				76ACB9A51E95464700923D6F /* Fonts */,
				769D2E161EAD06C00069FB30 /* !your-piano-bar-logo-tagline-final.png */,
				768235D81E856F69006186D7 /* your-piano-bar-blank piano only tab bar item size.png */,
			);
			name = Assets;
			sourceTree = "<group>";
		};
		76ACB9A51E95464700923D6F /* Fonts */ = {
			isa = PBXGroup;
			children = (
				76ACB9AB1E95982A00923D6F /* Bebas.TTF */,
				76ACB9A61E95465300923D6F /* BebasNeue Bold.ttf */,
				76ACB9A71E95465300923D6F /* BebasNeue Book.ttf */,
				76ACB9A81E95465300923D6F /* BebasNeue Light.ttf */,
				76ACB9A91E95465300923D6F /* BebasNeue Regular.ttf */,
				76ACB9AA1E95465300923D6F /* BebasNeue Thin.ttf */,
			);
			name = Fonts;
			sourceTree = "<group>";
		};
		76ACB9AF1E9A552400923D6F /* Realm Object Classes */ = {
			isa = PBXGroup;
			children = (
				76F638261E9E99E8001BBFB1 /* Song.swift */,
				76F638231E9E99E8001BBFB1 /* Artist.swift */,
				76F638241E9E99E8001BBFB1 /* Genre.swift */,
				76F638251E9E99E8001BBFB1 /* Requests - Realm Classes.swift */,
				762F59521EAFCA3A000FE032 /* YpbUser.swift */,
			);
			name = "Realm Object Classes";
			sourceTree = "<group>";
		};
		76ACB9B81E9A563200923D6F /* View Controllers */ = {
			isa = PBXGroup;
			children = (
				76F6382C1E9FD476001BBFB1 /* GenresTableViewController.swift */,
				76F638371EA221AA001BBFB1 /* SongsTableViewController.swift */,
				7607666A1EA3920F00348171 /* ArtistsTableViewController.swift */,
			);
			name = "View Controllers";
			sourceTree = "<group>";
		};
		76F638341EA102DF001BBFB1 /* Importer */ = {
			isa = PBXGroup;
			children = (
				76F638321EA102BA001BBFB1 /* song list 2.tsv */,
				76F638301EA102B4001BBFB1 /* SongImporter.swift */,
				768235D61E856F57006186D7 /* song list 1.tsv */,
			);
			name = Importer;
			sourceTree = "<group>";
		};
		F8F2497AB0D6851DEC337D35 /* Pods */ = {
			isa = PBXGroup;
			children = (
				8ED8B60A8FAE82ADC3497484 /* Pods-Your Song.debug.xcconfig */,
				6A2CDB364308A3385C0EB798 /* Pods-Your Song.release.xcconfig */,
				87D87E3028E95717BDF05199 /* Pods-Your SongTests.debug.xcconfig */,
				83DF17F54E8055D173B70A1D /* Pods-Your SongTests.release.xcconfig */,
			);
			name = Pods;
			sourceTree = "<group>";
		};
/* End PBXGroup section */

/* Begin PBXNativeTarget section */
		768235AA1E856ECF006186D7 /* Your Song */ = {
			isa = PBXNativeTarget;
			buildConfigurationList = 768235C81E856ED0006186D7 /* Build configuration list for PBXNativeTarget "Your Song" */;
			buildPhases = (
				E0A61698F38A06B62BB4531A /* [CP] Check Pods Manifest.lock */,
				768235A71E856ECF006186D7 /* Sources */,
				768235A81E856ECF006186D7 /* Frameworks */,
				768235A91E856ECF006186D7 /* Resources */,
				D69C1F700E00729B3DF519B6 /* [CP] Embed Pods Frameworks */,
				727D11ED28F81ABC4EA47320 /* [CP] Copy Pods Resources */,
			);
			buildRules = (
			);
			dependencies = (
			);
			name = "Your Song";
			productName = "Your Song";
			productReference = 768235AB1E856ECF006186D7 /* Your Song.app */;
			productType = "com.apple.product-type.application";
		};
		768235BE1E856ED0006186D7 /* Your SongTests */ = {
			isa = PBXNativeTarget;
			buildConfigurationList = 768235CB1E856ED0006186D7 /* Build configuration list for PBXNativeTarget "Your SongTests" */;
			buildPhases = (
				F42A918C64F2C0F5D3587B8F /* [CP] Check Pods Manifest.lock */,
				768235BB1E856ED0006186D7 /* Sources */,
				768235BC1E856ED0006186D7 /* Frameworks */,
				768235BD1E856ED0006186D7 /* Resources */,
				33D15A852ED68CE63370E959 /* [CP] Embed Pods Frameworks */,
				11B2280BAF0D20CEB20EA1C5 /* [CP] Copy Pods Resources */,
			);
			buildRules = (
			);
			dependencies = (
				768235C11E856ED0006186D7 /* PBXTargetDependency */,
			);
			name = "Your SongTests";
			productName = "Your SongTests";
			productReference = 768235BF1E856ED0006186D7 /* Your SongTests.xctest */;
			productType = "com.apple.product-type.bundle.unit-test";
		};
/* End PBXNativeTarget section */

/* Begin PBXProject section */
		768235A31E856ECF006186D7 /* Project object */ = {
			isa = PBXProject;
			attributes = {
				LastSwiftUpdateCheck = 0820;
				LastUpgradeCheck = 0820;
				ORGANIZATIONNAME = "Jonathan Tuzman";
				TargetAttributes = {
					768235AA1E856ECF006186D7 = {
						CreatedOnToolsVersion = 8.2.1;
						DevelopmentTeam = MS76ZC84AE;
						LastSwiftMigration = 0830;
						ProvisioningStyle = Automatic;
					};
					768235BE1E856ED0006186D7 = {
						CreatedOnToolsVersion = 8.2.1;
						DevelopmentTeam = MS76ZC84AE;
						ProvisioningStyle = Automatic;
						TestTargetID = 768235AA1E856ECF006186D7;
					};
				};
			};
			buildConfigurationList = 768235A61E856ECF006186D7 /* Build configuration list for PBXProject "Your Song" */;
			compatibilityVersion = "Xcode 3.2";
			developmentRegion = English;
			hasScannedForEncodings = 0;
			knownRegions = (
				en,
				Base,
			);
			mainGroup = 768235A21E856ECF006186D7;
			productRefGroup = 768235AC1E856ECF006186D7 /* Products */;
			projectDirPath = "";
			projectRoot = "";
			targets = (
				768235AA1E856ECF006186D7 /* Your Song */,
				768235BE1E856ED0006186D7 /* Your SongTests */,
			);
		};
/* End PBXProject section */

/* Begin PBXResourcesBuildPhase section */
		768235A91E856ECF006186D7 /* Resources */ = {
			isa = PBXResourcesBuildPhase;
			buildActionMask = 2147483647;
			files = (
				769D2E171EAD06C00069FB30 /* !your-piano-bar-logo-tagline-final.png in Resources */,
				769D2E191EAE20BC0069FB30 /* GoogleService-Info.plist in Resources */,
				768235B91E856ED0006186D7 /* LaunchScreen.storyboard in Resources */,
				76F638331EA102BA001BBFB1 /* song list 2.tsv in Resources */,
				768235EE1E857044006186D7 /* Main.storyboard in Resources */,
				768235B61E856ED0006186D7 /* Assets.xcassets in Resources */,
				768235D91E856F69006186D7 /* your-piano-bar-blank piano only tab bar item size.png in Resources */,
				768235D71E856F57006186D7 /* song list 1.tsv in Resources */,
			);
			runOnlyForDeploymentPostprocessing = 0;
		};
		768235BD1E856ED0006186D7 /* Resources */ = {
			isa = PBXResourcesBuildPhase;
			buildActionMask = 2147483647;
			files = (
				769D2E1B1EAE20CC0069FB30 /* GoogleService-Info.plist in Resources */,
			);
			runOnlyForDeploymentPostprocessing = 0;
		};
/* End PBXResourcesBuildPhase section */

/* Begin PBXShellScriptBuildPhase section */
		11B2280BAF0D20CEB20EA1C5 /* [CP] Copy Pods Resources */ = {
			isa = PBXShellScriptBuildPhase;
			buildActionMask = 2147483647;
			files = (
			);
			inputPaths = (
			);
			name = "[CP] Copy Pods Resources";
			outputPaths = (
			);
			runOnlyForDeploymentPostprocessing = 0;
			shellPath = /bin/sh;
			shellScript = "\"${SRCROOT}/Pods/Target Support Files/Pods-Your SongTests/Pods-Your SongTests-resources.sh\"\n";
			showEnvVarsInLog = 0;
		};
		33D15A852ED68CE63370E959 /* [CP] Embed Pods Frameworks */ = {
			isa = PBXShellScriptBuildPhase;
			buildActionMask = 2147483647;
			files = (
			);
			inputPaths = (
			);
			name = "[CP] Embed Pods Frameworks";
			outputPaths = (
			);
			runOnlyForDeploymentPostprocessing = 0;
			shellPath = /bin/sh;
			shellScript = "\"${SRCROOT}/Pods/Target Support Files/Pods-Your SongTests/Pods-Your SongTests-frameworks.sh\"\n";
			showEnvVarsInLog = 0;
		};
		727D11ED28F81ABC4EA47320 /* [CP] Copy Pods Resources */ = {
			isa = PBXShellScriptBuildPhase;
			buildActionMask = 2147483647;
			files = (
			);
			inputPaths = (
			);
			name = "[CP] Copy Pods Resources";
			outputPaths = (
			);
			runOnlyForDeploymentPostprocessing = 0;
			shellPath = /bin/sh;
			shellScript = "\"${SRCROOT}/Pods/Target Support Files/Pods-Your Song/Pods-Your Song-resources.sh\"\n";
			showEnvVarsInLog = 0;
		};
		D69C1F700E00729B3DF519B6 /* [CP] Embed Pods Frameworks */ = {
			isa = PBXShellScriptBuildPhase;
			buildActionMask = 2147483647;
			files = (
			);
			inputPaths = (
			);
			name = "[CP] Embed Pods Frameworks";
			outputPaths = (
			);
			runOnlyForDeploymentPostprocessing = 0;
			shellPath = /bin/sh;
			shellScript = "\"${SRCROOT}/Pods/Target Support Files/Pods-Your Song/Pods-Your Song-frameworks.sh\"\n";
			showEnvVarsInLog = 0;
		};
		E0A61698F38A06B62BB4531A /* [CP] Check Pods Manifest.lock */ = {
			isa = PBXShellScriptBuildPhase;
			buildActionMask = 2147483647;
			files = (
			);
			inputPaths = (
			);
			name = "[CP] Check Pods Manifest.lock";
			outputPaths = (
			);
			runOnlyForDeploymentPostprocessing = 0;
			shellPath = /bin/sh;
			shellScript = "diff \"${PODS_PODFILE_DIR_PATH}/Podfile.lock\" \"${PODS_ROOT}/Manifest.lock\" > /dev/null\nif [ $? != 0 ] ; then\n    # print error to STDERR\n    echo \"error: The sandbox is not in sync with the Podfile.lock. Run 'pod install' or update your CocoaPods installation.\" >&2\n    exit 1\nfi\n";
			showEnvVarsInLog = 0;
		};
		F42A918C64F2C0F5D3587B8F /* [CP] Check Pods Manifest.lock */ = {
			isa = PBXShellScriptBuildPhase;
			buildActionMask = 2147483647;
			files = (
			);
			inputPaths = (
			);
			name = "[CP] Check Pods Manifest.lock";
			outputPaths = (
			);
			runOnlyForDeploymentPostprocessing = 0;
			shellPath = /bin/sh;
			shellScript = "diff \"${PODS_PODFILE_DIR_PATH}/Podfile.lock\" \"${PODS_ROOT}/Manifest.lock\" > /dev/null\nif [ $? != 0 ] ; then\n    # print error to STDERR\n    echo \"error: The sandbox is not in sync with the Podfile.lock. Run 'pod install' or update your CocoaPods installation.\" >&2\n    exit 1\nfi\n";
			showEnvVarsInLog = 0;
		};
/* End PBXShellScriptBuildPhase section */

/* Begin PBXSourcesBuildPhase section */
		768235A71E856ECF006186D7 /* Sources */ = {
			isa = PBXSourcesBuildPhase;
			buildActionMask = 2147483647;
			files = (
				768235E91E856FF7006186D7 /* Globals, Extensions, Etc.swift in Sources */,
				762A6AE31EB4F93E00C6A115 /* SectionIndexTitlesForRealmSearch.swift in Sources */,
				768235E81E856FF7006186D7 /* CreateRequestTableViewController.swift in Sources */,
				76F638281E9E99E8001BBFB1 /* Genre.swift in Sources */,
				76F638311EA102B4001BBFB1 /* SongImporter.swift in Sources */,
				768235AF1E856ECF006186D7 /* AppDelegate.swift in Sources */,
				76F6382D1E9FD476001BBFB1 /* GenresTableViewController.swift in Sources */,
				76F6383A1EA223EC001BBFB1 /* RealmSetup.swift in Sources */,
				7607666B1EA3920F00348171 /* ArtistsTableViewController.swift in Sources */,
				76F638381EA221AA001BBFB1 /* SongsTableViewController.swift in Sources */,
				76F638291E9E99E8001BBFB1 /* Requests - Realm Classes.swift in Sources */,
				769FFBF21EAA1AB800F5EB37 /* YpbApp.swift in Sources */,
				769D2E151EACE6510069FB30 /* SignInTableViewController.swift in Sources */,
				76F638271E9E99E8001BBFB1 /* Artist.swift in Sources */,
				76F6382A1E9E99E8001BBFB1 /* Song.swift in Sources */,
				762F59531EAFCA3A000FE032 /* YpbUser.swift in Sources */,
			);
			runOnlyForDeploymentPostprocessing = 0;
		};
		768235BB1E856ED0006186D7 /* Sources */ = {
			isa = PBXSourcesBuildPhase;
			buildActionMask = 2147483647;
			files = (
				768235C41E856ED0006186D7 /* Your_SongTests.swift in Sources */,
			);
			runOnlyForDeploymentPostprocessing = 0;
		};
/* End PBXSourcesBuildPhase section */

/* Begin PBXTargetDependency section */
		768235C11E856ED0006186D7 /* PBXTargetDependency */ = {
			isa = PBXTargetDependency;
			target = 768235AA1E856ECF006186D7 /* Your Song */;
			targetProxy = 768235C01E856ED0006186D7 /* PBXContainerItemProxy */;
		};
/* End PBXTargetDependency section */

/* Begin PBXVariantGroup section */
		768235B71E856ED0006186D7 /* LaunchScreen.storyboard */ = {
			isa = PBXVariantGroup;
			children = (
				768235B81E856ED0006186D7 /* Base */,
			);
			name = LaunchScreen.storyboard;
			sourceTree = "<group>";
		};
/* End PBXVariantGroup section */

/* Begin XCBuildConfiguration section */
		768235C61E856ED0006186D7 /* Debug */ = {
			isa = XCBuildConfiguration;
			buildSettings = {
				ALWAYS_SEARCH_USER_PATHS = NO;
				CLANG_ANALYZER_NONNULL = YES;
				CLANG_CXX_LANGUAGE_STANDARD = "gnu++0x";
				CLANG_CXX_LIBRARY = "libc++";
				CLANG_ENABLE_MODULES = YES;
				CLANG_ENABLE_OBJC_ARC = YES;
				CLANG_WARN_BOOL_CONVERSION = YES;
				CLANG_WARN_CONSTANT_CONVERSION = YES;
				CLANG_WARN_DIRECT_OBJC_ISA_USAGE = YES_ERROR;
				CLANG_WARN_DOCUMENTATION_COMMENTS = YES;
				CLANG_WARN_EMPTY_BODY = YES;
				CLANG_WARN_ENUM_CONVERSION = YES;
				CLANG_WARN_INFINITE_RECURSION = YES;
				CLANG_WARN_INT_CONVERSION = YES;
				CLANG_WARN_OBJC_ROOT_CLASS = YES_ERROR;
				CLANG_WARN_SUSPICIOUS_MOVE = YES;
				CLANG_WARN_UNREACHABLE_CODE = YES;
				CLANG_WARN__DUPLICATE_METHOD_MATCH = YES;
				"CODE_SIGN_IDENTITY[sdk=iphoneos*]" = "iPhone Developer";
				COPY_PHASE_STRIP = NO;
				DEBUG_INFORMATION_FORMAT = dwarf;
				ENABLE_STRICT_OBJC_MSGSEND = YES;
				ENABLE_TESTABILITY = YES;
				GCC_C_LANGUAGE_STANDARD = gnu99;
				GCC_DYNAMIC_NO_PIC = NO;
				GCC_NO_COMMON_BLOCKS = YES;
				GCC_OPTIMIZATION_LEVEL = 0;
				GCC_PREPROCESSOR_DEFINITIONS = (
					"DEBUG=1",
					"$(inherited)",
				);
				GCC_WARN_64_TO_32_BIT_CONVERSION = YES;
				GCC_WARN_ABOUT_RETURN_TYPE = YES_ERROR;
				GCC_WARN_UNDECLARED_SELECTOR = YES;
				GCC_WARN_UNINITIALIZED_AUTOS = YES_AGGRESSIVE;
				GCC_WARN_UNUSED_FUNCTION = YES;
				GCC_WARN_UNUSED_VARIABLE = YES;
				IPHONEOS_DEPLOYMENT_TARGET = 10.2;
				MTL_ENABLE_DEBUG_INFO = YES;
				ONLY_ACTIVE_ARCH = YES;
				SDKROOT = iphoneos;
				SWIFT_ACTIVE_COMPILATION_CONDITIONS = DEBUG;
				SWIFT_OPTIMIZATION_LEVEL = "-Onone";
			};
			name = Debug;
		};
		768235C71E856ED0006186D7 /* Release */ = {
			isa = XCBuildConfiguration;
			buildSettings = {
				ALWAYS_SEARCH_USER_PATHS = NO;
				CLANG_ANALYZER_NONNULL = YES;
				CLANG_CXX_LANGUAGE_STANDARD = "gnu++0x";
				CLANG_CXX_LIBRARY = "libc++";
				CLANG_ENABLE_MODULES = YES;
				CLANG_ENABLE_OBJC_ARC = YES;
				CLANG_WARN_BOOL_CONVERSION = YES;
				CLANG_WARN_CONSTANT_CONVERSION = YES;
				CLANG_WARN_DIRECT_OBJC_ISA_USAGE = YES_ERROR;
				CLANG_WARN_DOCUMENTATION_COMMENTS = YES;
				CLANG_WARN_EMPTY_BODY = YES;
				CLANG_WARN_ENUM_CONVERSION = YES;
				CLANG_WARN_INFINITE_RECURSION = YES;
				CLANG_WARN_INT_CONVERSION = YES;
				CLANG_WARN_OBJC_ROOT_CLASS = YES_ERROR;
				CLANG_WARN_SUSPICIOUS_MOVE = YES;
				CLANG_WARN_UNREACHABLE_CODE = YES;
				CLANG_WARN__DUPLICATE_METHOD_MATCH = YES;
				"CODE_SIGN_IDENTITY[sdk=iphoneos*]" = "iPhone Developer";
				COPY_PHASE_STRIP = NO;
				DEBUG_INFORMATION_FORMAT = "dwarf-with-dsym";
				ENABLE_NS_ASSERTIONS = NO;
				ENABLE_STRICT_OBJC_MSGSEND = YES;
				GCC_C_LANGUAGE_STANDARD = gnu99;
				GCC_NO_COMMON_BLOCKS = YES;
				GCC_WARN_64_TO_32_BIT_CONVERSION = YES;
				GCC_WARN_ABOUT_RETURN_TYPE = YES_ERROR;
				GCC_WARN_UNDECLARED_SELECTOR = YES;
				GCC_WARN_UNINITIALIZED_AUTOS = YES_AGGRESSIVE;
				GCC_WARN_UNUSED_FUNCTION = YES;
				GCC_WARN_UNUSED_VARIABLE = YES;
				IPHONEOS_DEPLOYMENT_TARGET = 10.2;
				MTL_ENABLE_DEBUG_INFO = NO;
				SDKROOT = iphoneos;
				SWIFT_OPTIMIZATION_LEVEL = "-Owholemodule";
				VALIDATE_PRODUCT = YES;
			};
			name = Release;
		};
		768235C91E856ED0006186D7 /* Debug */ = {
			isa = XCBuildConfiguration;
			baseConfigurationReference = 8ED8B60A8FAE82ADC3497484 /* Pods-Your Song.debug.xcconfig */;
			buildSettings = {
				ASSETCATALOG_COMPILER_APPICON_NAME = AppIcon;
				CLANG_ENABLE_MODULES = YES;
				DEVELOPMENT_TEAM = MS76ZC84AE;
				FRAMEWORK_SEARCH_PATHS = (
					"$(inherited)",
					"$(PROJECT_DIR)",
				);
				INFOPLIST_FILE = "Your Song/Info.plist";
				LD_RUNPATH_SEARCH_PATHS = "$(inherited) @executable_path/Frameworks";
				PRODUCT_BUNDLE_IDENTIFIER = "TuzMusic.Your-Song";
				PRODUCT_NAME = "$(TARGET_NAME)";
				SWIFT_OBJC_BRIDGING_HEADER = "Your Song/Your Song-Bridging-Header.h";
				SWIFT_OPTIMIZATION_LEVEL = "-Onone";
				SWIFT_VERSION = 3.0;
			};
			name = Debug;
		};
		768235CA1E856ED0006186D7 /* Release */ = {
			isa = XCBuildConfiguration;
			baseConfigurationReference = 6A2CDB364308A3385C0EB798 /* Pods-Your Song.release.xcconfig */;
			buildSettings = {
				ASSETCATALOG_COMPILER_APPICON_NAME = AppIcon;
				CLANG_ENABLE_MODULES = YES;
				DEVELOPMENT_TEAM = MS76ZC84AE;
				FRAMEWORK_SEARCH_PATHS = (
					"$(inherited)",
					"$(PROJECT_DIR)",
				);
				INFOPLIST_FILE = "Your Song/Info.plist";
				LD_RUNPATH_SEARCH_PATHS = "$(inherited) @executable_path/Frameworks";
				PRODUCT_BUNDLE_IDENTIFIER = "TuzMusic.Your-Song";
				PRODUCT_NAME = "$(TARGET_NAME)";
				SWIFT_OBJC_BRIDGING_HEADER = "Your Song/Your Song-Bridging-Header.h";
				SWIFT_VERSION = 3.0;
			};
			name = Release;
		};
		768235CC1E856ED0006186D7 /* Debug */ = {
			isa = XCBuildConfiguration;
			baseConfigurationReference = 87D87E3028E95717BDF05199 /* Pods-Your SongTests.debug.xcconfig */;
			buildSettings = {
				ALWAYS_EMBED_SWIFT_STANDARD_LIBRARIES = YES;
				BUNDLE_LOADER = "$(TEST_HOST)";
				DEVELOPMENT_TEAM = MS76ZC84AE;
				INFOPLIST_FILE = "Your SongTests/Info.plist";
				LD_RUNPATH_SEARCH_PATHS = "$(inherited) @executable_path/Frameworks @loader_path/Frameworks";
				PRODUCT_BUNDLE_IDENTIFIER = "TuzMusic.Your-SongTests";
				PRODUCT_NAME = "$(TARGET_NAME)";
				SWIFT_VERSION = 3.0;
				TEST_HOST = "$(BUILT_PRODUCTS_DIR)/Your Song.app/Your Song";
			};
			name = Debug;
		};
		768235CD1E856ED0006186D7 /* Release */ = {
			isa = XCBuildConfiguration;
			baseConfigurationReference = 83DF17F54E8055D173B70A1D /* Pods-Your SongTests.release.xcconfig */;
			buildSettings = {
				ALWAYS_EMBED_SWIFT_STANDARD_LIBRARIES = YES;
				BUNDLE_LOADER = "$(TEST_HOST)";
				DEVELOPMENT_TEAM = MS76ZC84AE;
				INFOPLIST_FILE = "Your SongTests/Info.plist";
				LD_RUNPATH_SEARCH_PATHS = "$(inherited) @executable_path/Frameworks @loader_path/Frameworks";
				PRODUCT_BUNDLE_IDENTIFIER = "TuzMusic.Your-SongTests";
				PRODUCT_NAME = "$(TARGET_NAME)";
				SWIFT_VERSION = 3.0;
				TEST_HOST = "$(BUILT_PRODUCTS_DIR)/Your Song.app/Your Song";
			};
			name = Release;
		};
/* End XCBuildConfiguration section */

/* Begin XCConfigurationList section */
		768235A61E856ECF006186D7 /* Build configuration list for PBXProject "Your Song" */ = {
			isa = XCConfigurationList;
			buildConfigurations = (
				768235C61E856ED0006186D7 /* Debug */,
				768235C71E856ED0006186D7 /* Release */,
			);
			defaultConfigurationIsVisible = 0;
			defaultConfigurationName = Release;
		};
		768235C81E856ED0006186D7 /* Build configuration list for PBXNativeTarget "Your Song" */ = {
			isa = XCConfigurationList;
			buildConfigurations = (
				768235C91E856ED0006186D7 /* Debug */,
				768235CA1E856ED0006186D7 /* Release */,
			);
			defaultConfigurationIsVisible = 0;
			defaultConfigurationName = Release;
		};
		768235CB1E856ED0006186D7 /* Build configuration list for PBXNativeTarget "Your SongTests" */ = {
			isa = XCConfigurationList;
			buildConfigurations = (
				768235CC1E856ED0006186D7 /* Debug */,
				768235CD1E856ED0006186D7 /* Release */,
			);
			defaultConfigurationIsVisible = 0;
			defaultConfigurationName = Release;
		};
/* End XCConfigurationList section */
	};
	rootObject = 768235A31E856ECF006186D7 /* Project object */;
}
